PODS:
  - Alamofire (4.8.1)
  - AlamofireImage (3.5.0):
    - Alamofire (~> 4.8)
  - ReactiveSwift (3.1.0):
    - Result (~> 3.2)
  - Result (3.2.4)
  - SnapKit (4.2.0)
  - SwiftLint (0.29.4)
  - SwiftSoup (2.0.0)

DEPENDENCIES:
  - Alamofire (~> 4.8)
  - AlamofireImage (~> 3.5)
  - ReactiveSwift (~> 3.0)
  - SnapKit (~> 4.2.0)
  - SwiftLint
  - SwiftSoup

SPEC REPOS:
  https://github.com/cocoapods/specs.git:
    - Alamofire
    - AlamofireImage
    - ReactiveSwift
    - Result
    - SnapKit
    - SwiftLint
    - SwiftSoup

SPEC CHECKSUMS:
  Alamofire: 16ce2c353fb72865124ddae8a57c5942388f4f11
  AlamofireImage: 1aea346f4dda2f6c67622fa5a89fcbb80d79cc16
  ReactiveSwift: 5b26d2e988fe0eed2daf48c4054d1de74db50184
  Result: d2d07204ce72856f1fd9130bbe42c35a7b0fea10
  SnapKit: fe8a619752f3f27075cc9a90244d75c6c3f27e2a
  SwiftLint: 73f2ecfd0f6d812c8cb9a73c00fe809bc2504585
  SwiftSoup: 4fe21f65cdbfa3a40559047016b7962b88d29279

PODFILE CHECKSUM: 26ba2065e6854d44ecf369a54c70bffcdf729ee4

COCOAPODS: 1.6.1
