// !$*UTF8*$!
{
	archiveVersion = 1;
	classes = {
	};
	objectVersion = 48;
	objects = {

/* Begin PBXBuildFile section */
		14458A1BE6CA408309DBB93F /* Pods_catowser.framework in Frameworks */ = {isa = PBXBuildFile; fileRef = A910B05602B21CB19029F7B9 /* Pods_catowser.framework */; };
		2276FC93121AA81A24CB1372 /* Pods_CoreBrowser.framework in Frameworks */ = {isa = PBXBuildFile; fileRef = 8F8CC527299E6F8BE69F06A8 /* Pods_CoreBrowser.framework */; };
		6010ECC621F74E2900972E28 /* Theme.swift in Sources */ = {isa = PBXBuildFile; fileRef = 6010ECC521F74E2900972E28 /* Theme.swift */; };
		6010ECCB21F751B500972E28 /* LightTheme.swift in Sources */ = {isa = PBXBuildFile; fileRef = 6010ECCA21F751B500972E28 /* LightTheme.swift */; };
		6010ECCD21F7529400972E28 /* ThemeProvider.swift in Sources */ = {isa = PBXBuildFile; fileRef = 6010ECCC21F7529400972E28 /* ThemeProvider.swift */; };
		60271787224CB4210019EF15 /* jquery_ajax.js in Resources */ = {isa = PBXBuildFile; fileRef = 60271785224CB4210019EF15 /* jquery_ajax.js */; };
		60271788224CB4210019EF15 /* ig.js in Resources */ = {isa = PBXBuildFile; fileRef = 60271786224CB4210019EF15 /* ig.js */; };
		605C54F521F8A8A100B3DC73 /* TabsPreviewsViewController.swift in Sources */ = {isa = PBXBuildFile; fileRef = 605C54F421F8A8A100B3DC73 /* TabsPreviewsViewController.swift */; };
		605C54F721F8A9E900B3DC73 /* TabPreviewCell.swift in Sources */ = {isa = PBXBuildFile; fileRef = 605C54F621F8A9E900B3DC73 /* TabPreviewCell.swift */; };
		60724EA921FF1BD80071BECF /* CounterView.swift in Sources */ = {isa = PBXBuildFile; fileRef = 60724EA821FF1BD80071BECF /* CounterView.swift */; };
		60724EE72209C8730071BECF /* TabsPreviewsRouter.swift in Sources */ = {isa = PBXBuildFile; fileRef = 60724EE62209C8730071BECF /* TabsPreviewsRouter.swift */; };
		60724EEE220C4FDC0071BECF /* WebViewsReuseManager.swift in Sources */ = {isa = PBXBuildFile; fileRef = 60724EED220C4FDC0071BECF /* WebViewsReuseManager.swift */; };
		60724F7A221695C80071BECF /* google.xml in Resources */ = {isa = PBXBuildFile; fileRef = 60724F79221695C80071BECF /* google.xml */; };
		607D02AA21FEEC51009FCD0B /* ToolbarRouter.swift in Sources */ = {isa = PBXBuildFile; fileRef = 607D02A921FEEC51009FCD0B /* ToolbarRouter.swift */; };
		608DA709222E6F5E009F75BD /* TabSelectionStrategy.swift in Sources */ = {isa = PBXBuildFile; fileRef = 608DA708222E6F5E009F75BD /* TabSelectionStrategy.swift */; };
		608DA74E223A3BD5009F75BD /* JSPlugins.h in Headers */ = {isa = PBXBuildFile; fileRef = 608DA74C223A3BD5009F75BD /* JSPlugins.h */; settings = {ATTRIBUTES = (Public, ); }; };
		608DA751223A3BD5009F75BD /* JSPlugins.framework in Frameworks */ = {isa = PBXBuildFile; fileRef = 608DA74A223A3BD4009F75BD /* JSPlugins.framework */; };
		608DA752223A3BD5009F75BD /* JSPlugins.framework in Embed Frameworks */ = {isa = PBXBuildFile; fileRef = 608DA74A223A3BD4009F75BD /* JSPlugins.framework */; settings = {ATTRIBUTES = (CodeSignOnCopy, RemoveHeadersOnCopy, ); }; };
		608DA75A223FBB3E009F75BD /* JSPluginFactory.swift in Sources */ = {isa = PBXBuildFile; fileRef = 608DA759223FBB3E009F75BD /* JSPluginFactory.swift */; };
		608DA760223FD826009F75BD /* WebViewJSPluginsFacade.swift in Sources */ = {isa = PBXBuildFile; fileRef = 608DA75F223FD826009F75BD /* WebViewJSPluginsFacade.swift */; };
		6094E720221FD2B9004269A2 /* CoreBrowser.h in Headers */ = {isa = PBXBuildFile; fileRef = 6094E71E221FD2B9004269A2 /* CoreBrowser.h */; settings = {ATTRIBUTES = (Public, ); }; };
		6094E723221FD2B9004269A2 /* CoreBrowser.framework in Frameworks */ = {isa = PBXBuildFile; fileRef = 6094E71C221FD2B9004269A2 /* CoreBrowser.framework */; };
		6094E724221FD2B9004269A2 /* CoreBrowser.framework in Embed Frameworks */ = {isa = PBXBuildFile; fileRef = 6094E71C221FD2B9004269A2 /* CoreBrowser.framework */; settings = {ATTRIBUTES = (CodeSignOnCopy, RemoveHeadersOnCopy, ); }; };
		6094E729221FD2DE004269A2 /* OpenSearchParser.swift in Sources */ = {isa = PBXBuildFile; fileRef = 60724F7C221698AF0071BECF /* OpenSearchParser.swift */; };
		6094E72A221FD2F7004269A2 /* SearchEngine.swift in Sources */ = {isa = PBXBuildFile; fileRef = 60724F76221693670071BECF /* SearchEngine.swift */; };
		6094E72B221FD310004269A2 /* CharacterSet+CatowserExtensions.swift in Sources */ = {isa = PBXBuildFile; fileRef = C7BE4FAE2044310B00FC761B /* CharacterSet+CatowserExtensions.swift */; };
		6094E72C221FD4BA004269A2 /* SearchEngine.swift in Headers */ = {isa = PBXBuildFile; fileRef = 60724F76221693670071BECF /* SearchEngine.swift */; settings = {ATTRIBUTES = (Public, ); }; };
		6094E730221FE2E5004269A2 /* UIColour+CatowserExtensions.swift in Sources */ = {isa = PBXBuildFile; fileRef = C705C0ED204340BD0018067F /* UIColour+CatowserExtensions.swift */; };
		6094E731221FE2EC004269A2 /* ReusableItem.swift in Sources */ = {isa = PBXBuildFile; fileRef = 605C550621F8AA5900B3DC73 /* ReusableItem.swift */; };
		6094E732221FE2EF004269A2 /* Collection.swift in Sources */ = {isa = PBXBuildFile; fileRef = 604A500821F9CFE400EF07F9 /* Collection.swift */; };
		6094E733221FE2F6004269A2 /* String+CatowserExtensions.swift in Sources */ = {isa = PBXBuildFile; fileRef = 607D02B021FF1200009FCD0B /* String+CatowserExtensions.swift */; };
		6094E734221FE2F9004269A2 /* Protocols.swift in Sources */ = {isa = PBXBuildFile; fileRef = 60724EE82209C9A20071BECF /* Protocols.swift */; };
		6094E735221FE2FE004269A2 /* UIImage+CatowserExtensions.swift in Sources */ = {isa = PBXBuildFile; fileRef = 8A9C9FFC22134A5A0093756C /* UIImage+CatowserExtensions.swift */; };
		6094E736221FE302004269A2 /* UIViewController+CatowserExtensions.swift in Sources */ = {isa = PBXBuildFile; fileRef = 6094E712221EC8D4004269A2 /* UIViewController+CatowserExtensions.swift */; };
		6094E737221FE3D2004269A2 /* SearchSuggestClient.swift in Sources */ = {isa = PBXBuildFile; fileRef = 60724F742215AABB0071BECF /* SearchSuggestClient.swift */; };
		6094E73F221FE65F004269A2 /* ReactiveSwift.framework in Frameworks */ = {isa = PBXBuildFile; fileRef = 6094E73E221FE65F004269A2 /* ReactiveSwift.framework */; };
		6094E740221FE6CB004269A2 /* Box.swift in Sources */ = {isa = PBXBuildFile; fileRef = 8A95D7B0221F17010032C156 /* Box.swift */; };
		6094E741221FE706004269A2 /* Tab.swift in Sources */ = {isa = PBXBuildFile; fileRef = 846220AE1EEE9B6C00B84C73 /* Tab.swift */; };
		6094E742221FE718004269A2 /* Site.swift in Sources */ = {isa = PBXBuildFile; fileRef = 60724EDB220463D40071BECF /* Site.swift */; };
		6094E743221FE72C004269A2 /* TabsSubject.swift in Sources */ = {isa = PBXBuildFile; fileRef = 607D02AE21FEF87F009FCD0B /* TabsSubject.swift */; };
		6094E744221FE7B3004269A2 /* DefaultTabProvider.swift in Sources */ = {isa = PBXBuildFile; fileRef = 60724ED92204332B0071BECF /* DefaultTabProvider.swift */; };
		6094E745221FE7FF004269A2 /* TabsCache.swift in Sources */ = {isa = PBXBuildFile; fileRef = 60724EA621FF17C90071BECF /* TabsCache.swift */; };
		60A82C4D22549446008210D9 /* FilesGreedViewController.storyboard in Resources */ = {isa = PBXBuildFile; fileRef = 60A82C4C22549446008210D9 /* FilesGreedViewController.storyboard */; };
		60A82C4F22549453008210D9 /* FilesGreedViewController.swift in Sources */ = {isa = PBXBuildFile; fileRef = 60A82C4E22549453008210D9 /* FilesGreedViewController.swift */; };
		60A82C5122549604008210D9 /* CAGradientLayer+CatowserExtension.swift in Sources */ = {isa = PBXBuildFile; fileRef = 60A82C5022549604008210D9 /* CAGradientLayer+CatowserExtension.swift */; };
		60A82C532254E1F7008210D9 /* LinksRouter.swift in Sources */ = {isa = PBXBuildFile; fileRef = 60A82C522254E1F7008210D9 /* LinksRouter.swift */; };
		60A82C5522562D3B008210D9 /* VideoFileViewCell.swift in Sources */ = {isa = PBXBuildFile; fileRef = 60A82C5422562D3B008210D9 /* VideoFileViewCell.swift */; };
		60D52CEE22572F2300CB56F0 /* CollectionViewInterface.swift in Sources */ = {isa = PBXBuildFile; fileRef = 60D52CED22572F2300CB56F0 /* CollectionViewInterface.swift */; };
		841022B9224781A20021516F /* LinkTagsViewController.swift in Sources */ = {isa = PBXBuildFile; fileRef = 841022B8224781A20021516F /* LinkTagsViewController.swift */; };
		841022BD224785340021516F /* LinksBadgeView.swift in Sources */ = {isa = PBXBuildFile; fileRef = 841022BC224785340021516F /* LinksBadgeView.swift */; };
		841022C1224788F80021516F /* LinkTagsViewController.storyboard in Resources */ = {isa = PBXBuildFile; fileRef = 841022C0224788F80021516F /* LinkTagsViewController.storyboard */; };
		841022CB2247ACF00021516F /* UIViewController+MainBundle.swift in Sources */ = {isa = PBXBuildFile; fileRef = 841022CA2247ACF00021516F /* UIViewController+MainBundle.swift */; };
		8412FF3D1F72AF050011FDD7 /* UIConstants.swift in Sources */ = {isa = PBXBuildFile; fileRef = 8412FF3C1F72AF050011FDD7 /* UIConstants.swift */; };
		841A2D7E203ACC220050A996 /* BlankWebPageViewController.swift in Sources */ = {isa = PBXBuildFile; fileRef = 841A2D7D203ACC220050A996 /* BlankWebPageViewController.swift */; };
		841A2D80203AD0B50050A996 /* WebBrowserToolbarController.swift in Sources */ = {isa = PBXBuildFile; fileRef = 841A2D7F203AD0B50050A996 /* WebBrowserToolbarController.swift */; };
		841A2D82203AD5500050A996 /* TabletSearchBarViewController.swift in Sources */ = {isa = PBXBuildFile; fileRef = 841A2D81203AD5500050A996 /* TabletSearchBarViewController.swift */; };
		841A2D84203AD5690050A996 /* SmartphoneSearchBarViewController.swift in Sources */ = {isa = PBXBuildFile; fileRef = 841A2D83203AD5690050A996 /* SmartphoneSearchBarViewController.swift */; };
		841A2D86203B1FA50050A996 /* SearchBarBaseViewController.swift in Sources */ = {isa = PBXBuildFile; fileRef = 841A2D85203B1FA50050A996 /* SearchBarBaseViewController.swift */; };
		8435A49B1EED5E700020102F /* AppDelegate.swift in Sources */ = {isa = PBXBuildFile; fileRef = 8435A49A1EED5E700020102F /* AppDelegate.swift */; };
		8435A49D1EED5E700020102F /* BaseViewController.swift in Sources */ = {isa = PBXBuildFile; fileRef = 8435A49C1EED5E700020102F /* BaseViewController.swift */; };
		8435A4A21EED5E700020102F /* Assets.xcassets in Resources */ = {isa = PBXBuildFile; fileRef = 8435A4A11EED5E700020102F /* Assets.xcassets */; };
		8435A4A51EED5E700020102F /* LaunchScreen.storyboard in Resources */ = {isa = PBXBuildFile; fileRef = 8435A4A31EED5E700020102F /* LaunchScreen.storyboard */; };
		84704FC21EEE769800F89F6B /* TabView.swift in Sources */ = {isa = PBXBuildFile; fileRef = 84704FC11EEE769800F89F6B /* TabView.swift */; };
		847D7C8D1EF6C8AC00291B87 /* TabsViewController.swift in Sources */ = {isa = PBXBuildFile; fileRef = 847D7C881EF6C30F00291B87 /* TabsViewController.swift */; };
		8A012FA422400F1200041487 /* InstagramHandler.swift in Sources */ = {isa = PBXBuildFile; fileRef = 8A012FA322400F1200041487 /* InstagramHandler.swift */; };
		8A012FA72240111700041487 /* jQueryHandler.swift in Sources */ = {isa = PBXBuildFile; fileRef = 8A012FA62240111700041487 /* jQueryHandler.swift */; };
		8A0DF8FE224C0146000CADA6 /* DummyDecodable.swift in Sources */ = {isa = PBXBuildFile; fileRef = 8A0DF8FD224C0146000CADA6 /* DummyDecodable.swift */; };
		8A0DF900224C019C000CADA6 /* InstagramVideoArray.swift in Sources */ = {isa = PBXBuildFile; fileRef = 8A0DF8FF224C019C000CADA6 /* InstagramVideoArray.swift */; };
		8A0E0EAB224A94E600D86CD7 /* InstagramVideoNode.swift in Sources */ = {isa = PBXBuildFile; fileRef = 8A0E0EAA224A94E600D86CD7 /* InstagramVideoNode.swift */; };
		C22599631F7BEF6D000E4C3A /* WebViewController.swift in Sources */ = {isa = PBXBuildFile; fileRef = C22599621F7BEF6D000E4C3A /* WebViewController.swift */; };
		C22599651F7BF19B000E4C3A /* BrowserViewModel.swift in Sources */ = {isa = PBXBuildFile; fileRef = C22599641F7BF19B000E4C3A /* BrowserViewModel.swift */; };
		C22599671F7BF301000E4C3A /* MasterBrowserViewController.swift in Sources */ = {isa = PBXBuildFile; fileRef = C22599661F7BF301000E4C3A /* MasterBrowserViewController.swift */; };
		C27371171F7A341900900F03 /* Localizable.strings in Resources */ = {isa = PBXBuildFile; fileRef = C27371191F7A341900900F03 /* Localizable.strings */; };
		C707CC12203F0BAF002EA258 /* SearchSuggestionsViewController.swift in Sources */ = {isa = PBXBuildFile; fileRef = C707CC11203F0BAF002EA258 /* SearchSuggestionsViewController.swift */; };
/* End PBXBuildFile section */

/* Begin PBXContainerItemProxy section */
		608DA74F223A3BD5009F75BD /* PBXContainerItemProxy */ = {
			isa = PBXContainerItemProxy;
			containerPortal = 8435A48F1EED5E700020102F /* Project object */;
			proxyType = 1;
			remoteGlobalIDString = 608DA749223A3BD4009F75BD;
			remoteInfo = JSPlugins;
		};
		6094E721221FD2B9004269A2 /* PBXContainerItemProxy */ = {
			isa = PBXContainerItemProxy;
			containerPortal = 8435A48F1EED5E700020102F /* Project object */;
			proxyType = 1;
			remoteGlobalIDString = 6094E71B221FD2B9004269A2;
			remoteInfo = CoreBrowser;
		};
/* End PBXContainerItemProxy section */

/* Begin PBXCopyFilesBuildPhase section */
		6094E728221FD2B9004269A2 /* Embed Frameworks */ = {
			isa = PBXCopyFilesBuildPhase;
			buildActionMask = 2147483647;
			dstPath = "";
			dstSubfolderSpec = 10;
			files = (
				608DA752223A3BD5009F75BD /* JSPlugins.framework in Embed Frameworks */,
				6094E724221FD2B9004269A2 /* CoreBrowser.framework in Embed Frameworks */,
			);
			name = "Embed Frameworks";
			runOnlyForDeploymentPostprocessing = 0;
		};
/* End PBXCopyFilesBuildPhase section */

/* Begin PBXFileReference section */
		1734249475EC8FA1087C42A0 /* Pods-CoreBrowser.debug.xcconfig */ = {isa = PBXFileReference; includeInIndex = 1; lastKnownFileType = text.xcconfig; name = "Pods-CoreBrowser.debug.xcconfig"; path = "Pods/Target Support Files/Pods-CoreBrowser/Pods-CoreBrowser.debug.xcconfig"; sourceTree = "<group>"; };
		25A1D5F1221A945E907F61C1 /* Pods-CoreBrowser.release.xcconfig */ = {isa = PBXFileReference; includeInIndex = 1; lastKnownFileType = text.xcconfig; name = "Pods-CoreBrowser.release.xcconfig"; path = "Pods/Target Support Files/Pods-CoreBrowser/Pods-CoreBrowser.release.xcconfig"; sourceTree = "<group>"; };
		2E7159D4401F487B0F97CD59 /* Pods-catowser.release.xcconfig */ = {isa = PBXFileReference; includeInIndex = 1; lastKnownFileType = text.xcconfig; name = "Pods-catowser.release.xcconfig"; path = "Pods/Target Support Files/Pods-catowser/Pods-catowser.release.xcconfig"; sourceTree = "<group>"; };
		6010ECC521F74E2900972E28 /* Theme.swift */ = {isa = PBXFileReference; lastKnownFileType = sourcecode.swift; path = Theme.swift; sourceTree = "<group>"; };
		6010ECCA21F751B500972E28 /* LightTheme.swift */ = {isa = PBXFileReference; lastKnownFileType = sourcecode.swift; path = LightTheme.swift; sourceTree = "<group>"; };
		6010ECCC21F7529400972E28 /* ThemeProvider.swift */ = {isa = PBXFileReference; lastKnownFileType = sourcecode.swift; path = ThemeProvider.swift; sourceTree = "<group>"; };
		60271785224CB4210019EF15 /* jquery_ajax.js */ = {isa = PBXFileReference; fileEncoding = 4; lastKnownFileType = sourcecode.javascript; name = jquery_ajax.js; path = js/jquery_ajax.js; sourceTree = "<group>"; };
		60271786224CB4210019EF15 /* ig.js */ = {isa = PBXFileReference; fileEncoding = 4; lastKnownFileType = sourcecode.javascript; name = ig.js; path = js/ig.js; sourceTree = "<group>"; };
		604A500821F9CFE400EF07F9 /* Collection.swift */ = {isa = PBXFileReference; lastKnownFileType = sourcecode.swift; path = Collection.swift; sourceTree = "<group>"; };
		605C54F421F8A8A100B3DC73 /* TabsPreviewsViewController.swift */ = {isa = PBXFileReference; lastKnownFileType = sourcecode.swift; path = TabsPreviewsViewController.swift; sourceTree = "<group>"; };
		605C54F621F8A9E900B3DC73 /* TabPreviewCell.swift */ = {isa = PBXFileReference; lastKnownFileType = sourcecode.swift; path = TabPreviewCell.swift; sourceTree = "<group>"; };
		605C550621F8AA5900B3DC73 /* ReusableItem.swift */ = {isa = PBXFileReference; lastKnownFileType = sourcecode.swift; path = ReusableItem.swift; sourceTree = "<group>"; };
		60724EA621FF17C90071BECF /* TabsCache.swift */ = {isa = PBXFileReference; lastKnownFileType = sourcecode.swift; path = TabsCache.swift; sourceTree = "<group>"; };
		60724EA821FF1BD80071BECF /* CounterView.swift */ = {isa = PBXFileReference; lastKnownFileType = sourcecode.swift; path = CounterView.swift; sourceTree = "<group>"; };
		60724ED92204332B0071BECF /* DefaultTabProvider.swift */ = {isa = PBXFileReference; lastKnownFileType = sourcecode.swift; path = DefaultTabProvider.swift; sourceTree = "<group>"; };
		60724EDB220463D40071BECF /* Site.swift */ = {isa = PBXFileReference; lastKnownFileType = sourcecode.swift; path = Site.swift; sourceTree = "<group>"; };
		60724EE62209C8730071BECF /* TabsPreviewsRouter.swift */ = {isa = PBXFileReference; lastKnownFileType = sourcecode.swift; path = TabsPreviewsRouter.swift; sourceTree = "<group>"; };
		60724EE82209C9A20071BECF /* Protocols.swift */ = {isa = PBXFileReference; lastKnownFileType = sourcecode.swift; path = Protocols.swift; sourceTree = "<group>"; };
		60724EED220C4FDC0071BECF /* WebViewsReuseManager.swift */ = {isa = PBXFileReference; lastKnownFileType = sourcecode.swift; path = WebViewsReuseManager.swift; sourceTree = "<group>"; };
		60724F742215AABB0071BECF /* SearchSuggestClient.swift */ = {isa = PBXFileReference; lastKnownFileType = sourcecode.swift; path = SearchSuggestClient.swift; sourceTree = "<group>"; };
		60724F76221693670071BECF /* SearchEngine.swift */ = {isa = PBXFileReference; lastKnownFileType = sourcecode.swift; path = SearchEngine.swift; sourceTree = "<group>"; };
		60724F79221695C80071BECF /* google.xml */ = {isa = PBXFileReference; fileEncoding = 4; lastKnownFileType = text.xml; path = google.xml; sourceTree = "<group>"; };
		60724F7C221698AF0071BECF /* OpenSearchParser.swift */ = {isa = PBXFileReference; lastKnownFileType = sourcecode.swift; path = OpenSearchParser.swift; sourceTree = "<group>"; };
		607D02A921FEEC51009FCD0B /* ToolbarRouter.swift */ = {isa = PBXFileReference; lastKnownFileType = sourcecode.swift; path = ToolbarRouter.swift; sourceTree = "<group>"; };
		607D02AE21FEF87F009FCD0B /* TabsSubject.swift */ = {isa = PBXFileReference; lastKnownFileType = sourcecode.swift; path = TabsSubject.swift; sourceTree = "<group>"; };
		607D02B021FF1200009FCD0B /* String+CatowserExtensions.swift */ = {isa = PBXFileReference; lastKnownFileType = sourcecode.swift; path = "String+CatowserExtensions.swift"; sourceTree = "<group>"; };
		608DA708222E6F5E009F75BD /* TabSelectionStrategy.swift */ = {isa = PBXFileReference; lastKnownFileType = sourcecode.swift; path = TabSelectionStrategy.swift; sourceTree = "<group>"; };
		608DA74A223A3BD4009F75BD /* JSPlugins.framework */ = {isa = PBXFileReference; explicitFileType = wrapper.framework; includeInIndex = 0; path = JSPlugins.framework; sourceTree = BUILT_PRODUCTS_DIR; };
		608DA74C223A3BD5009F75BD /* JSPlugins.h */ = {isa = PBXFileReference; lastKnownFileType = sourcecode.c.h; path = JSPlugins.h; sourceTree = "<group>"; };
		608DA74D223A3BD5009F75BD /* Info.plist */ = {isa = PBXFileReference; lastKnownFileType = text.plist.xml; path = Info.plist; sourceTree = "<group>"; };
		608DA759223FBB3E009F75BD /* JSPluginFactory.swift */ = {isa = PBXFileReference; lastKnownFileType = sourcecode.swift; path = JSPluginFactory.swift; sourceTree = "<group>"; };
		608DA75F223FD826009F75BD /* WebViewJSPluginsFacade.swift */ = {isa = PBXFileReference; lastKnownFileType = sourcecode.swift; path = WebViewJSPluginsFacade.swift; sourceTree = "<group>"; };
		6094E712221EC8D4004269A2 /* UIViewController+CatowserExtensions.swift */ = {isa = PBXFileReference; lastKnownFileType = sourcecode.swift; path = "UIViewController+CatowserExtensions.swift"; sourceTree = "<group>"; };
		6094E71C221FD2B9004269A2 /* CoreBrowser.framework */ = {isa = PBXFileReference; explicitFileType = wrapper.framework; includeInIndex = 0; path = CoreBrowser.framework; sourceTree = BUILT_PRODUCTS_DIR; };
		6094E71E221FD2B9004269A2 /* CoreBrowser.h */ = {isa = PBXFileReference; lastKnownFileType = sourcecode.c.h; path = CoreBrowser.h; sourceTree = "<group>"; };
		6094E71F221FD2B9004269A2 /* Info.plist */ = {isa = PBXFileReference; lastKnownFileType = text.plist.xml; path = Info.plist; sourceTree = "<group>"; };
		6094E738221FE3F3004269A2 /* ReactiveSwift.framework */ = {isa = PBXFileReference; explicitFileType = wrapper.framework; path = ReactiveSwift.framework; sourceTree = BUILT_PRODUCTS_DIR; };
		6094E73A221FE3FD004269A2 /* Result.framework */ = {isa = PBXFileReference; explicitFileType = wrapper.framework; path = Result.framework; sourceTree = BUILT_PRODUCTS_DIR; };
		6094E73C221FE3FF004269A2 /* Alamofire.framework */ = {isa = PBXFileReference; explicitFileType = wrapper.framework; path = Alamofire.framework; sourceTree = BUILT_PRODUCTS_DIR; };
		6094E73E221FE65F004269A2 /* ReactiveSwift.framework */ = {isa = PBXFileReference; explicitFileType = wrapper.framework; path = ReactiveSwift.framework; sourceTree = BUILT_PRODUCTS_DIR; };
		60A82C4C22549446008210D9 /* FilesGreedViewController.storyboard */ = {isa = PBXFileReference; lastKnownFileType = file.storyboard; path = FilesGreedViewController.storyboard; sourceTree = "<group>"; };
		60A82C4E22549453008210D9 /* FilesGreedViewController.swift */ = {isa = PBXFileReference; lastKnownFileType = sourcecode.swift; path = FilesGreedViewController.swift; sourceTree = "<group>"; };
		60A82C5022549604008210D9 /* CAGradientLayer+CatowserExtension.swift */ = {isa = PBXFileReference; lastKnownFileType = sourcecode.swift; path = "CAGradientLayer+CatowserExtension.swift"; sourceTree = "<group>"; };
		60A82C522254E1F7008210D9 /* LinksRouter.swift */ = {isa = PBXFileReference; lastKnownFileType = sourcecode.swift; path = LinksRouter.swift; sourceTree = "<group>"; };
		60A82C5422562D3B008210D9 /* VideoFileViewCell.swift */ = {isa = PBXFileReference; lastKnownFileType = sourcecode.swift; path = VideoFileViewCell.swift; sourceTree = "<group>"; };
		60D52CED22572F2300CB56F0 /* CollectionViewInterface.swift */ = {isa = PBXFileReference; lastKnownFileType = sourcecode.swift; path = CollectionViewInterface.swift; sourceTree = "<group>"; };
		841022B8224781A20021516F /* LinkTagsViewController.swift */ = {isa = PBXFileReference; lastKnownFileType = sourcecode.swift; path = LinkTagsViewController.swift; sourceTree = "<group>"; };
		841022BC224785340021516F /* LinksBadgeView.swift */ = {isa = PBXFileReference; lastKnownFileType = sourcecode.swift; path = LinksBadgeView.swift; sourceTree = "<group>"; };
		841022C0224788F80021516F /* LinkTagsViewController.storyboard */ = {isa = PBXFileReference; lastKnownFileType = file.storyboard; path = LinkTagsViewController.storyboard; sourceTree = "<group>"; };
		841022CA2247ACF00021516F /* UIViewController+MainBundle.swift */ = {isa = PBXFileReference; lastKnownFileType = sourcecode.swift; path = "UIViewController+MainBundle.swift"; sourceTree = "<group>"; };
		8412FF3C1F72AF050011FDD7 /* UIConstants.swift */ = {isa = PBXFileReference; lastKnownFileType = sourcecode.swift; path = UIConstants.swift; sourceTree = "<group>"; };
		841A2D7D203ACC220050A996 /* BlankWebPageViewController.swift */ = {isa = PBXFileReference; lastKnownFileType = sourcecode.swift; path = BlankWebPageViewController.swift; sourceTree = "<group>"; };
		841A2D7F203AD0B50050A996 /* WebBrowserToolbarController.swift */ = {isa = PBXFileReference; lastKnownFileType = sourcecode.swift; path = WebBrowserToolbarController.swift; sourceTree = "<group>"; };
		841A2D81203AD5500050A996 /* TabletSearchBarViewController.swift */ = {isa = PBXFileReference; lastKnownFileType = sourcecode.swift; path = TabletSearchBarViewController.swift; sourceTree = "<group>"; };
		841A2D83203AD5690050A996 /* SmartphoneSearchBarViewController.swift */ = {isa = PBXFileReference; lastKnownFileType = sourcecode.swift; path = SmartphoneSearchBarViewController.swift; sourceTree = "<group>"; wrapsLines = 1; };
		841A2D85203B1FA50050A996 /* SearchBarBaseViewController.swift */ = {isa = PBXFileReference; lastKnownFileType = sourcecode.swift; path = SearchBarBaseViewController.swift; sourceTree = "<group>"; };
		8435A4971EED5E700020102F /* catowser.app */ = {isa = PBXFileReference; explicitFileType = wrapper.application; includeInIndex = 0; path = catowser.app; sourceTree = BUILT_PRODUCTS_DIR; };
		8435A49A1EED5E700020102F /* AppDelegate.swift */ = {isa = PBXFileReference; lastKnownFileType = sourcecode.swift; path = AppDelegate.swift; sourceTree = "<group>"; };
		8435A49C1EED5E700020102F /* BaseViewController.swift */ = {isa = PBXFileReference; lastKnownFileType = sourcecode.swift; path = BaseViewController.swift; sourceTree = "<group>"; };
		8435A4A11EED5E700020102F /* Assets.xcassets */ = {isa = PBXFileReference; lastKnownFileType = folder.assetcatalog; path = Assets.xcassets; sourceTree = "<group>"; };
		8435A4A41EED5E700020102F /* Base */ = {isa = PBXFileReference; lastKnownFileType = file.storyboard; name = Base; path = Base.lproj/LaunchScreen.storyboard; sourceTree = "<group>"; };
		8435A4A61EED5E700020102F /* Info.plist */ = {isa = PBXFileReference; lastKnownFileType = text.plist.xml; path = Info.plist; sourceTree = "<group>"; };
		846220AE1EEE9B6C00B84C73 /* Tab.swift */ = {isa = PBXFileReference; lastKnownFileType = sourcecode.swift; path = Tab.swift; sourceTree = "<group>"; };
		84704FC11EEE769800F89F6B /* TabView.swift */ = {isa = PBXFileReference; lastKnownFileType = sourcecode.swift; path = TabView.swift; sourceTree = "<group>"; };
		847D7C881EF6C30F00291B87 /* TabsViewController.swift */ = {isa = PBXFileReference; lastKnownFileType = sourcecode.swift; path = TabsViewController.swift; sourceTree = "<group>"; };
		8A012FA322400F1200041487 /* InstagramHandler.swift */ = {isa = PBXFileReference; lastKnownFileType = sourcecode.swift; path = InstagramHandler.swift; sourceTree = "<group>"; };
		8A012FA62240111700041487 /* jQueryHandler.swift */ = {isa = PBXFileReference; lastKnownFileType = sourcecode.swift; path = jQueryHandler.swift; sourceTree = "<group>"; };
		8A0DF8FD224C0146000CADA6 /* DummyDecodable.swift */ = {isa = PBXFileReference; lastKnownFileType = sourcecode.swift; path = DummyDecodable.swift; sourceTree = "<group>"; };
		8A0DF8FF224C019C000CADA6 /* InstagramVideoArray.swift */ = {isa = PBXFileReference; lastKnownFileType = sourcecode.swift; path = InstagramVideoArray.swift; sourceTree = "<group>"; };
		8A0E0EAA224A94E600D86CD7 /* InstagramVideoNode.swift */ = {isa = PBXFileReference; lastKnownFileType = sourcecode.swift; path = InstagramVideoNode.swift; sourceTree = "<group>"; };
		8A95D7B0221F17010032C156 /* Box.swift */ = {isa = PBXFileReference; lastKnownFileType = sourcecode.swift; path = Box.swift; sourceTree = "<group>"; };
		8A9C9FFC22134A5A0093756C /* UIImage+CatowserExtensions.swift */ = {isa = PBXFileReference; lastKnownFileType = sourcecode.swift; path = "UIImage+CatowserExtensions.swift"; sourceTree = "<group>"; };
		8F8CC527299E6F8BE69F06A8 /* Pods_CoreBrowser.framework */ = {isa = PBXFileReference; explicitFileType = wrapper.framework; includeInIndex = 0; path = Pods_CoreBrowser.framework; sourceTree = BUILT_PRODUCTS_DIR; };
		A910B05602B21CB19029F7B9 /* Pods_catowser.framework */ = {isa = PBXFileReference; explicitFileType = wrapper.framework; includeInIndex = 0; path = Pods_catowser.framework; sourceTree = BUILT_PRODUCTS_DIR; };
		C22599621F7BEF6D000E4C3A /* WebViewController.swift */ = {isa = PBXFileReference; lastKnownFileType = sourcecode.swift; path = WebViewController.swift; sourceTree = "<group>"; };
		C22599641F7BF19B000E4C3A /* BrowserViewModel.swift */ = {isa = PBXFileReference; lastKnownFileType = sourcecode.swift; path = BrowserViewModel.swift; sourceTree = "<group>"; };
		C22599661F7BF301000E4C3A /* MasterBrowserViewController.swift */ = {isa = PBXFileReference; lastKnownFileType = sourcecode.swift; path = MasterBrowserViewController.swift; sourceTree = "<group>"; };
		C27371181F7A341900900F03 /* en */ = {isa = PBXFileReference; lastKnownFileType = text.plist.strings; name = en; path = en.lproj/Localizable.strings; sourceTree = "<group>"; };
		C273711A1F7A345800900F03 /* ru */ = {isa = PBXFileReference; lastKnownFileType = text.plist.strings; name = ru; path = ru.lproj/LaunchScreen.strings; sourceTree = "<group>"; };
		C273711B1F7A345A00900F03 /* ru */ = {isa = PBXFileReference; lastKnownFileType = text.plist.strings; name = ru; path = ru.lproj/Localizable.strings; sourceTree = "<group>"; };
		C705C0ED204340BD0018067F /* UIColour+CatowserExtensions.swift */ = {isa = PBXFileReference; lastKnownFileType = sourcecode.swift; path = "UIColour+CatowserExtensions.swift"; sourceTree = "<group>"; };
		C707CC11203F0BAF002EA258 /* SearchSuggestionsViewController.swift */ = {isa = PBXFileReference; lastKnownFileType = sourcecode.swift; path = SearchSuggestionsViewController.swift; sourceTree = "<group>"; };
		C7BE4FAE2044310B00FC761B /* CharacterSet+CatowserExtensions.swift */ = {isa = PBXFileReference; lastKnownFileType = sourcecode.swift; path = "CharacterSet+CatowserExtensions.swift"; sourceTree = "<group>"; };
		C91526EEB8C937969BDA1E7B /* Pods-catowser.debug.xcconfig */ = {isa = PBXFileReference; includeInIndex = 1; lastKnownFileType = text.xcconfig; name = "Pods-catowser.debug.xcconfig"; path = "Pods/Target Support Files/Pods-catowser/Pods-catowser.debug.xcconfig"; sourceTree = "<group>"; };
/* End PBXFileReference section */

/* Begin PBXFrameworksBuildPhase section */
		608DA747223A3BD4009F75BD /* Frameworks */ = {
			isa = PBXFrameworksBuildPhase;
			buildActionMask = 2147483647;
			files = (
			);
			runOnlyForDeploymentPostprocessing = 0;
		};
		6094E719221FD2B9004269A2 /* Frameworks */ = {
			isa = PBXFrameworksBuildPhase;
			buildActionMask = 2147483647;
			files = (
				6094E73F221FE65F004269A2 /* ReactiveSwift.framework in Frameworks */,
				2276FC93121AA81A24CB1372 /* Pods_CoreBrowser.framework in Frameworks */,
			);
			runOnlyForDeploymentPostprocessing = 0;
		};
		8435A4941EED5E700020102F /* Frameworks */ = {
			isa = PBXFrameworksBuildPhase;
			buildActionMask = 2147483647;
			files = (
				608DA751223A3BD5009F75BD /* JSPlugins.framework in Frameworks */,
				6094E723221FD2B9004269A2 /* CoreBrowser.framework in Frameworks */,
				14458A1BE6CA408309DBB93F /* Pods_catowser.framework in Frameworks */,
			);
			runOnlyForDeploymentPostprocessing = 0;
		};
/* End PBXFrameworksBuildPhase section */

/* Begin PBXGroup section */
		5906B47E95A37FC0872DBD1A /* Frameworks */ = {
			isa = PBXGroup;
			children = (
				6094E73E221FE65F004269A2 /* ReactiveSwift.framework */,
				6094E73C221FE3FF004269A2 /* Alamofire.framework */,
				6094E73A221FE3FD004269A2 /* Result.framework */,
				6094E738221FE3F3004269A2 /* ReactiveSwift.framework */,
				A910B05602B21CB19029F7B9 /* Pods_catowser.framework */,
				8F8CC527299E6F8BE69F06A8 /* Pods_CoreBrowser.framework */,
			);
			name = Frameworks;
			sourceTree = "<group>";
		};
		6010ECC421F74E1500972E28 /* Theme */ = {
			isa = PBXGroup;
			children = (
				6010ECC521F74E2900972E28 /* Theme.swift */,
				6010ECCA21F751B500972E28 /* LightTheme.swift */,
				6010ECCC21F7529400972E28 /* ThemeProvider.swift */,
			);
			path = Theme;
			sourceTree = "<group>";
		};
		60724F78221694A30071BECF /* SearchPlugins */ = {
			isa = PBXGroup;
			children = (
				60724F79221695C80071BECF /* google.xml */,
			);
			path = SearchPlugins;
			sourceTree = "<group>";
		};
		60724F7B2216989E0071BECF /* Parsers */ = {
			isa = PBXGroup;
			children = (
				60724F7C221698AF0071BECF /* OpenSearchParser.swift */,
			);
			path = Parsers;
			sourceTree = "<group>";
		};
		608DA70A222E7048009F75BD /* Tabs */ = {
			isa = PBXGroup;
			children = (
				60724ED92204332B0071BECF /* DefaultTabProvider.swift */,
				607D02AE21FEF87F009FCD0B /* TabsSubject.swift */,
				60724EA621FF17C90071BECF /* TabsCache.swift */,
				608DA708222E6F5E009F75BD /* TabSelectionStrategy.swift */,
			);
			path = Tabs;
			sourceTree = "<group>";
		};
		608DA73E2237DA33009F75BD /* Models */ = {
			isa = PBXGroup;
			children = (
				846220AE1EEE9B6C00B84C73 /* Tab.swift */,
				60724EDB220463D40071BECF /* Site.swift */,
			);
			path = Models;
			sourceTree = "<group>";
		};
		608DA7422238FE33009F75BD /* Scripts */ = {
			isa = PBXGroup;
			children = (
				60271786224CB4210019EF15 /* ig.js */,
				60271785224CB4210019EF15 /* jquery_ajax.js */,
			);
			path = Scripts;
			sourceTree = "<group>";
		};
		608DA74B223A3BD5009F75BD /* JSPlugins */ = {
			isa = PBXGroup;
			children = (
				8A0E0EA9224A94BE00D86CD7 /* Models */,
				8A012FA52240110000041487 /* Handlers */,
				608DA7422238FE33009F75BD /* Scripts */,
				608DA74C223A3BD5009F75BD /* JSPlugins.h */,
				608DA74D223A3BD5009F75BD /* Info.plist */,
				608DA759223FBB3E009F75BD /* JSPluginFactory.swift */,
				608DA75F223FD826009F75BD /* WebViewJSPluginsFacade.swift */,
			);
			path = JSPlugins;
			sourceTree = "<group>";
		};
		6094E71D221FD2B9004269A2 /* CoreBrowser */ = {
			isa = PBXGroup;
			children = (
				C70724C8201E603E0021CF5D /* Extensions */,
				C7D9E54E2042D64E00FE55A3 /* Network */,
				8A95D7AF221F16E90032C156 /* Primitives */,
				60724F7B2216989E0071BECF /* Parsers */,
				608DA73E2237DA33009F75BD /* Models */,
				608DA70A222E7048009F75BD /* Tabs */,
				6094E71E221FD2B9004269A2 /* CoreBrowser.h */,
				6094E71F221FD2B9004269A2 /* Info.plist */,
			);
			path = CoreBrowser;
			sourceTree = "<group>";
		};
		841022B72247816D0021516F /* Downloads */ = {
			isa = PBXGroup;
			children = (
				841022B8224781A20021516F /* LinkTagsViewController.swift */,
				841022BC224785340021516F /* LinksBadgeView.swift */,
				841022C0224788F80021516F /* LinkTagsViewController.storyboard */,
				60A82C4E22549453008210D9 /* FilesGreedViewController.swift */,
				60A82C5422562D3B008210D9 /* VideoFileViewCell.swift */,
				60A82C4C22549446008210D9 /* FilesGreedViewController.storyboard */,
				60A82C522254E1F7008210D9 /* LinksRouter.swift */,
			);
			path = Downloads;
			sourceTree = "<group>";
		};
		841A2D79203ACB420050A996 /* Search */ = {
			isa = PBXGroup;
			children = (
				841A2D81203AD5500050A996 /* TabletSearchBarViewController.swift */,
				841A2D83203AD5690050A996 /* SmartphoneSearchBarViewController.swift */,
				841A2D85203B1FA50050A996 /* SearchBarBaseViewController.swift */,
				C707CC11203F0BAF002EA258 /* SearchSuggestionsViewController.swift */,
			);
			path = Search;
			sourceTree = "<group>";
		};
		841A2D7A203ACB970050A996 /* WebTabs */ = {
			isa = PBXGroup;
			children = (
				847D7C881EF6C30F00291B87 /* TabsViewController.swift */,
				84704FC11EEE769800F89F6B /* TabView.swift */,
				605C54F421F8A8A100B3DC73 /* TabsPreviewsViewController.swift */,
				605C54F621F8A9E900B3DC73 /* TabPreviewCell.swift */,
				60724EA821FF1BD80071BECF /* CounterView.swift */,
				60724EE62209C8730071BECF /* TabsPreviewsRouter.swift */,
			);
			path = WebTabs;
			sourceTree = "<group>";
		};
		841A2D7B203ACBBA0050A996 /* WebSite */ = {
			isa = PBXGroup;
			children = (
				C22599621F7BEF6D000E4C3A /* WebViewController.swift */,
				841A2D7D203ACC220050A996 /* BlankWebPageViewController.swift */,
				C22599641F7BF19B000E4C3A /* BrowserViewModel.swift */,
				60724EED220C4FDC0071BECF /* WebViewsReuseManager.swift */,
			);
			path = WebSite;
			sourceTree = "<group>";
		};
		841A2D7C203ACBDB0050A996 /* WebBrowserToolbar */ = {
			isa = PBXGroup;
			children = (
				841A2D7F203AD0B50050A996 /* WebBrowserToolbarController.swift */,
				607D02A921FEEC51009FCD0B /* ToolbarRouter.swift */,
			);
			path = WebBrowserToolbar;
			sourceTree = "<group>";
		};
		8435A48E1EED5E700020102F = {
			isa = PBXGroup;
			children = (
				8435A4991EED5E700020102F /* catowser */,
				6094E71D221FD2B9004269A2 /* CoreBrowser */,
				608DA74B223A3BD5009F75BD /* JSPlugins */,
				8435A4981EED5E700020102F /* Products */,
				E35CED317EE4DF68ED3EDD9C /* Pods */,
				5906B47E95A37FC0872DBD1A /* Frameworks */,
			);
			sourceTree = "<group>";
		};
		8435A4981EED5E700020102F /* Products */ = {
			isa = PBXGroup;
			children = (
				8435A4971EED5E700020102F /* catowser.app */,
				6094E71C221FD2B9004269A2 /* CoreBrowser.framework */,
				608DA74A223A3BD4009F75BD /* JSPlugins.framework */,
			);
			name = Products;
			sourceTree = "<group>";
		};
		8435A4991EED5E700020102F /* catowser */ = {
			isa = PBXGroup;
			children = (
				841022B72247816D0021516F /* Downloads */,
				6010ECC421F74E1500972E28 /* Theme */,
				C7D9E54B2042CDEE00FE55A3 /* Constants */,
				841A2D7C203ACBDB0050A996 /* WebBrowserToolbar */,
				841A2D7B203ACBBA0050A996 /* WebSite */,
				841A2D7A203ACB970050A996 /* WebTabs */,
				841A2D79203ACB420050A996 /* Search */,
				847D7C871EF6C30F00291B87 /* Browser */,
				8435A49A1EED5E700020102F /* AppDelegate.swift */,
				8435A49C1EED5E700020102F /* BaseViewController.swift */,
				8435A4A11EED5E700020102F /* Assets.xcassets */,
				60724F78221694A30071BECF /* SearchPlugins */,
				8435A4A31EED5E700020102F /* LaunchScreen.storyboard */,
				8435A4A61EED5E700020102F /* Info.plist */,
				C27371191F7A341900900F03 /* Localizable.strings */,
			);
			path = catowser;
			sourceTree = "<group>";
		};
		847D7C871EF6C30F00291B87 /* Browser */ = {
			isa = PBXGroup;
			children = (
				C22599661F7BF301000E4C3A /* MasterBrowserViewController.swift */,
				841022CA2247ACF00021516F /* UIViewController+MainBundle.swift */,
			);
			path = Browser;
			sourceTree = "<group>";
		};
		8A012FA52240110000041487 /* Handlers */ = {
			isa = PBXGroup;
			children = (
				8A012FA322400F1200041487 /* InstagramHandler.swift */,
				8A012FA62240111700041487 /* jQueryHandler.swift */,
			);
			path = Handlers;
			sourceTree = "<group>";
		};
		8A0E0EA9224A94BE00D86CD7 /* Models */ = {
			isa = PBXGroup;
			children = (
				8A0E0EAA224A94E600D86CD7 /* InstagramVideoNode.swift */,
				8A0DF8FD224C0146000CADA6 /* DummyDecodable.swift */,
				8A0DF8FF224C019C000CADA6 /* InstagramVideoArray.swift */,
			);
			path = Models;
			sourceTree = "<group>";
		};
		8A95D7AF221F16E90032C156 /* Primitives */ = {
			isa = PBXGroup;
			children = (
				8A95D7B0221F17010032C156 /* Box.swift */,
			);
			path = Primitives;
			sourceTree = "<group>";
		};
		C70724C8201E603E0021CF5D /* Extensions */ = {
			isa = PBXGroup;
			children = (
				C705C0ED204340BD0018067F /* UIColour+CatowserExtensions.swift */,
				C7BE4FAE2044310B00FC761B /* CharacterSet+CatowserExtensions.swift */,
				605C550621F8AA5900B3DC73 /* ReusableItem.swift */,
				604A500821F9CFE400EF07F9 /* Collection.swift */,
				607D02B021FF1200009FCD0B /* String+CatowserExtensions.swift */,
				60724EE82209C9A20071BECF /* Protocols.swift */,
				8A9C9FFC22134A5A0093756C /* UIImage+CatowserExtensions.swift */,
				6094E712221EC8D4004269A2 /* UIViewController+CatowserExtensions.swift */,
				60A82C5022549604008210D9 /* CAGradientLayer+CatowserExtension.swift */,
				60D52CED22572F2300CB56F0 /* CollectionViewInterface.swift */,
			);
			path = Extensions;
			sourceTree = "<group>";
		};
		C7D9E54B2042CDEE00FE55A3 /* Constants */ = {
			isa = PBXGroup;
			children = (
				8412FF3C1F72AF050011FDD7 /* UIConstants.swift */,
			);
			path = Constants;
			sourceTree = "<group>";
		};
		C7D9E54E2042D64E00FE55A3 /* Network */ = {
			isa = PBXGroup;
			children = (
				60724F742215AABB0071BECF /* SearchSuggestClient.swift */,
				60724F76221693670071BECF /* SearchEngine.swift */,
			);
			path = Network;
			sourceTree = "<group>";
		};
		E35CED317EE4DF68ED3EDD9C /* Pods */ = {
			isa = PBXGroup;
			children = (
				C91526EEB8C937969BDA1E7B /* Pods-catowser.debug.xcconfig */,
				2E7159D4401F487B0F97CD59 /* Pods-catowser.release.xcconfig */,
				1734249475EC8FA1087C42A0 /* Pods-CoreBrowser.debug.xcconfig */,
				25A1D5F1221A945E907F61C1 /* Pods-CoreBrowser.release.xcconfig */,
			);
			name = Pods;
			sourceTree = "<group>";
		};
/* End PBXGroup section */

/* Begin PBXHeadersBuildPhase section */
		608DA745223A3BD4009F75BD /* Headers */ = {
			isa = PBXHeadersBuildPhase;
			buildActionMask = 2147483647;
			files = (
				608DA74E223A3BD5009F75BD /* JSPlugins.h in Headers */,
			);
			runOnlyForDeploymentPostprocessing = 0;
		};
		6094E717221FD2B9004269A2 /* Headers */ = {
			isa = PBXHeadersBuildPhase;
			buildActionMask = 2147483647;
			files = (
				6094E720221FD2B9004269A2 /* CoreBrowser.h in Headers */,
				6094E72C221FD4BA004269A2 /* SearchEngine.swift in Headers */,
			);
			runOnlyForDeploymentPostprocessing = 0;
		};
/* End PBXHeadersBuildPhase section */

/* Begin PBXNativeTarget section */
		608DA749223A3BD4009F75BD /* JSPlugins */ = {
			isa = PBXNativeTarget;
			buildConfigurationList = 608DA755223A3BD5009F75BD /* Build configuration list for PBXNativeTarget "JSPlugins" */;
			buildPhases = (
				608DA745223A3BD4009F75BD /* Headers */,
				608DA746223A3BD4009F75BD /* Sources */,
				608DA747223A3BD4009F75BD /* Frameworks */,
				608DA748223A3BD4009F75BD /* Resources */,
			);
			buildRules = (
			);
			dependencies = (
			);
			name = JSPlugins;
			productName = JSPlugins;
			productReference = 608DA74A223A3BD4009F75BD /* JSPlugins.framework */;
			productType = "com.apple.product-type.framework";
		};
		6094E71B221FD2B9004269A2 /* CoreBrowser */ = {
			isa = PBXNativeTarget;
			buildConfigurationList = 6094E727221FD2B9004269A2 /* Build configuration list for PBXNativeTarget "CoreBrowser" */;
			buildPhases = (
				4EFB9C87A566D4BFCB0AB7B2 /* [CP] Check Pods Manifest.lock */,
				6094E717221FD2B9004269A2 /* Headers */,
				6094E718221FD2B9004269A2 /* Sources */,
				6094E719221FD2B9004269A2 /* Frameworks */,
				6094E71A221FD2B9004269A2 /* Resources */,
			);
			buildRules = (
			);
			dependencies = (
			);
			name = CoreBrowser;
			productName = CoreBrowser;
			productReference = 6094E71C221FD2B9004269A2 /* CoreBrowser.framework */;
			productType = "com.apple.product-type.framework";
		};
		8435A4961EED5E700020102F /* catowser */ = {
			isa = PBXNativeTarget;
			buildConfigurationList = 8435A4A91EED5E700020102F /* Build configuration list for PBXNativeTarget "catowser" */;
			buildPhases = (
				903C417858128E7774D9CABE /* [CP] Check Pods Manifest.lock */,
				8435A4931EED5E700020102F /* Sources */,
				8435A4941EED5E700020102F /* Frameworks */,
				8435A4951EED5E700020102F /* Resources */,
				D801B8366CD82AB0D8FBBEF1 /* [CP] Embed Pods Frameworks */,
				6094E728221FD2B9004269A2 /* Embed Frameworks */,
			);
			buildRules = (
			);
			dependencies = (
				6094E722221FD2B9004269A2 /* PBXTargetDependency */,
				608DA750223A3BD5009F75BD /* PBXTargetDependency */,
			);
			name = catowser;
			productName = catowser;
			productReference = 8435A4971EED5E700020102F /* catowser.app */;
			productType = "com.apple.product-type.application";
		};
/* End PBXNativeTarget section */

/* Begin PBXProject section */
		8435A48F1EED5E700020102F /* Project object */ = {
			isa = PBXProject;
			attributes = {
				LastSwiftUpdateCheck = 0900;
				LastUpgradeCheck = 1010;
				ORGANIZATIONNAME = andreiermoshin;
				TargetAttributes = {
					608DA749223A3BD4009F75BD = {
						CreatedOnToolsVersion = 10.1;
						LastSwiftMigration = 1010;
						ProvisioningStyle = Automatic;
					};
					6094E71B221FD2B9004269A2 = {
						CreatedOnToolsVersion = 10.1;
						ProvisioningStyle = Automatic;
					};
					8435A4961EED5E700020102F = {
						CreatedOnToolsVersion = 9.0;
						LastSwiftMigration = 1010;
						ProvisioningStyle = Manual;
					};
				};
			};
			buildConfigurationList = 8435A4921EED5E700020102F /* Build configuration list for PBXProject "catowser" */;
			compatibilityVersion = "Xcode 8.0";
			developmentRegion = en;
			hasScannedForEncodings = 0;
			knownRegions = (
				en,
				Base,
				ru,
			);
			mainGroup = 8435A48E1EED5E700020102F;
			productRefGroup = 8435A4981EED5E700020102F /* Products */;
			projectDirPath = "";
			projectRoot = "";
			targets = (
				8435A4961EED5E700020102F /* catowser */,
				6094E71B221FD2B9004269A2 /* CoreBrowser */,
				608DA749223A3BD4009F75BD /* JSPlugins */,
			);
		};
/* End PBXProject section */

/* Begin PBXResourcesBuildPhase section */
		608DA748223A3BD4009F75BD /* Resources */ = {
			isa = PBXResourcesBuildPhase;
			buildActionMask = 2147483647;
			files = (
				60271788224CB4210019EF15 /* ig.js in Resources */,
				60271787224CB4210019EF15 /* jquery_ajax.js in Resources */,
			);
			runOnlyForDeploymentPostprocessing = 0;
		};
		6094E71A221FD2B9004269A2 /* Resources */ = {
			isa = PBXResourcesBuildPhase;
			buildActionMask = 2147483647;
			files = (
			);
			runOnlyForDeploymentPostprocessing = 0;
		};
		8435A4951EED5E700020102F /* Resources */ = {
			isa = PBXResourcesBuildPhase;
			buildActionMask = 2147483647;
			files = (
				841022C1224788F80021516F /* LinkTagsViewController.storyboard in Resources */,
				60A82C4D22549446008210D9 /* FilesGreedViewController.storyboard in Resources */,
				8435A4A51EED5E700020102F /* LaunchScreen.storyboard in Resources */,
				C27371171F7A341900900F03 /* Localizable.strings in Resources */,
				60724F7A221695C80071BECF /* google.xml in Resources */,
				8435A4A21EED5E700020102F /* Assets.xcassets in Resources */,
			);
			runOnlyForDeploymentPostprocessing = 0;
		};
/* End PBXResourcesBuildPhase section */

/* Begin PBXShellScriptBuildPhase section */
		4EFB9C87A566D4BFCB0AB7B2 /* [CP] Check Pods Manifest.lock */ = {
			isa = PBXShellScriptBuildPhase;
			buildActionMask = 2147483647;
			files = (
			);
			inputPaths = (
				"${PODS_PODFILE_DIR_PATH}/Podfile.lock",
				"${PODS_ROOT}/Manifest.lock",
			);
			name = "[CP] Check Pods Manifest.lock";
			outputPaths = (
				"$(DERIVED_FILE_DIR)/Pods-CoreBrowser-checkManifestLockResult.txt",
			);
			runOnlyForDeploymentPostprocessing = 0;
			shellPath = /bin/sh;
			shellScript = "diff \"${PODS_PODFILE_DIR_PATH}/Podfile.lock\" \"${PODS_ROOT}/Manifest.lock\" > /dev/null\nif [ $? != 0 ] ; then\n    # print error to STDERR\n    echo \"error: The sandbox is not in sync with the Podfile.lock. Run 'pod install' or update your CocoaPods installation.\" >&2\n    exit 1\nfi\n# This output is used by Xcode 'outputs' to avoid re-running this script phase.\necho \"SUCCESS\" > \"${SCRIPT_OUTPUT_FILE_0}\"\n";
			showEnvVarsInLog = 0;
		};
		903C417858128E7774D9CABE /* [CP] Check Pods Manifest.lock */ = {
			isa = PBXShellScriptBuildPhase;
			buildActionMask = 2147483647;
			files = (
			);
			inputPaths = (
				"${PODS_PODFILE_DIR_PATH}/Podfile.lock",
				"${PODS_ROOT}/Manifest.lock",
			);
			name = "[CP] Check Pods Manifest.lock";
			outputPaths = (
				"$(DERIVED_FILE_DIR)/Pods-catowser-checkManifestLockResult.txt",
			);
			runOnlyForDeploymentPostprocessing = 0;
			shellPath = /bin/sh;
			shellScript = "diff \"${PODS_PODFILE_DIR_PATH}/Podfile.lock\" \"${PODS_ROOT}/Manifest.lock\" > /dev/null\nif [ $? != 0 ] ; then\n    # print error to STDERR\n    echo \"error: The sandbox is not in sync with the Podfile.lock. Run 'pod install' or update your CocoaPods installation.\" >&2\n    exit 1\nfi\n# This output is used by Xcode 'outputs' to avoid re-running this script phase.\necho \"SUCCESS\" > \"${SCRIPT_OUTPUT_FILE_0}\"\n";
			showEnvVarsInLog = 0;
		};
		D801B8366CD82AB0D8FBBEF1 /* [CP] Embed Pods Frameworks */ = {
			isa = PBXShellScriptBuildPhase;
			buildActionMask = 2147483647;
			files = (
			);
			inputPaths = (
				"${PODS_ROOT}/Target Support Files/Pods-catowser/Pods-catowser-frameworks.sh",
				"${BUILT_PRODUCTS_DIR}/AHDownloadButton/AHDownloadButton.framework",
				"${BUILT_PRODUCTS_DIR}/Alamofire/Alamofire.framework",
				"${BUILT_PRODUCTS_DIR}/AlamofireImage/AlamofireImage.framework",
				"${BUILT_PRODUCTS_DIR}/ReactiveSwift/ReactiveSwift.framework",
				"${BUILT_PRODUCTS_DIR}/Result/Result.framework",
				"${BUILT_PRODUCTS_DIR}/SnapKit/SnapKit.framework",
			);
			name = "[CP] Embed Pods Frameworks";
			outputPaths = (
				"${TARGET_BUILD_DIR}/${FRAMEWORKS_FOLDER_PATH}/AHDownloadButton.framework",
				"${TARGET_BUILD_DIR}/${FRAMEWORKS_FOLDER_PATH}/Alamofire.framework",
				"${TARGET_BUILD_DIR}/${FRAMEWORKS_FOLDER_PATH}/AlamofireImage.framework",
				"${TARGET_BUILD_DIR}/${FRAMEWORKS_FOLDER_PATH}/ReactiveSwift.framework",
				"${TARGET_BUILD_DIR}/${FRAMEWORKS_FOLDER_PATH}/Result.framework",
				"${TARGET_BUILD_DIR}/${FRAMEWORKS_FOLDER_PATH}/SnapKit.framework",
			);
			runOnlyForDeploymentPostprocessing = 0;
			shellPath = /bin/sh;
			shellScript = "\"${PODS_ROOT}/Target Support Files/Pods-catowser/Pods-catowser-frameworks.sh\"\n";
			showEnvVarsInLog = 0;
		};
/* End PBXShellScriptBuildPhase section */

/* Begin PBXSourcesBuildPhase section */
		608DA746223A3BD4009F75BD /* Sources */ = {
			isa = PBXSourcesBuildPhase;
			buildActionMask = 2147483647;
			files = (
				8A0DF900224C019C000CADA6 /* InstagramVideoArray.swift in Sources */,
				8A0E0EAB224A94E600D86CD7 /* InstagramVideoNode.swift in Sources */,
				8A012FA72240111700041487 /* jQueryHandler.swift in Sources */,
				608DA75A223FBB3E009F75BD /* JSPluginFactory.swift in Sources */,
				608DA760223FD826009F75BD /* WebViewJSPluginsFacade.swift in Sources */,
				8A0DF8FE224C0146000CADA6 /* DummyDecodable.swift in Sources */,
				8A012FA422400F1200041487 /* InstagramHandler.swift in Sources */,
			);
			runOnlyForDeploymentPostprocessing = 0;
		};
		6094E718221FD2B9004269A2 /* Sources */ = {
			isa = PBXSourcesBuildPhase;
			buildActionMask = 2147483647;
			files = (
				6094E742221FE718004269A2 /* Site.swift in Sources */,
				6094E729221FD2DE004269A2 /* OpenSearchParser.swift in Sources */,
				6094E72B221FD310004269A2 /* CharacterSet+CatowserExtensions.swift in Sources */,
				6094E736221FE302004269A2 /* UIViewController+CatowserExtensions.swift in Sources */,
				60D52CEE22572F2300CB56F0 /* CollectionViewInterface.swift in Sources */,
				6094E72A221FD2F7004269A2 /* SearchEngine.swift in Sources */,
				6094E732221FE2EF004269A2 /* Collection.swift in Sources */,
				6094E730221FE2E5004269A2 /* UIColour+CatowserExtensions.swift in Sources */,
				6094E735221FE2FE004269A2 /* UIImage+CatowserExtensions.swift in Sources */,
				6094E741221FE706004269A2 /* Tab.swift in Sources */,
				6094E743221FE72C004269A2 /* TabsSubject.swift in Sources */,
				6094E745221FE7FF004269A2 /* TabsCache.swift in Sources */,
				608DA709222E6F5E009F75BD /* TabSelectionStrategy.swift in Sources */,
				6094E744221FE7B3004269A2 /* DefaultTabProvider.swift in Sources */,
				60A82C5122549604008210D9 /* CAGradientLayer+CatowserExtension.swift in Sources */,
				6094E733221FE2F6004269A2 /* String+CatowserExtensions.swift in Sources */,
				6094E731221FE2EC004269A2 /* ReusableItem.swift in Sources */,
				6094E740221FE6CB004269A2 /* Box.swift in Sources */,
				6094E737221FE3D2004269A2 /* SearchSuggestClient.swift in Sources */,
				6094E734221FE2F9004269A2 /* Protocols.swift in Sources */,
			);
			runOnlyForDeploymentPostprocessing = 0;
		};
		8435A4931EED5E700020102F /* Sources */ = {
			isa = PBXSourcesBuildPhase;
			buildActionMask = 2147483647;
			files = (
				8435A49D1EED5E700020102F /* BaseViewController.swift in Sources */,
				C22599651F7BF19B000E4C3A /* BrowserViewModel.swift in Sources */,
				6010ECCB21F751B500972E28 /* LightTheme.swift in Sources */,
				C22599631F7BEF6D000E4C3A /* WebViewController.swift in Sources */,
				841A2D82203AD5500050A996 /* TabletSearchBarViewController.swift in Sources */,
				841A2D86203B1FA50050A996 /* SearchBarBaseViewController.swift in Sources */,
				847D7C8D1EF6C8AC00291B87 /* TabsViewController.swift in Sources */,
				60724EE72209C8730071BECF /* TabsPreviewsRouter.swift in Sources */,
				84704FC21EEE769800F89F6B /* TabView.swift in Sources */,
				841022CB2247ACF00021516F /* UIViewController+MainBundle.swift in Sources */,
				607D02AA21FEEC51009FCD0B /* ToolbarRouter.swift in Sources */,
				8435A49B1EED5E700020102F /* AppDelegate.swift in Sources */,
				60724EEE220C4FDC0071BECF /* WebViewsReuseManager.swift in Sources */,
				605C54F521F8A8A100B3DC73 /* TabsPreviewsViewController.swift in Sources */,
				841A2D84203AD5690050A996 /* SmartphoneSearchBarViewController.swift in Sources */,
				605C54F721F8A9E900B3DC73 /* TabPreviewCell.swift in Sources */,
				6010ECCD21F7529400972E28 /* ThemeProvider.swift in Sources */,
				60A82C4F22549453008210D9 /* FilesGreedViewController.swift in Sources */,
				841022BD224785340021516F /* LinksBadgeView.swift in Sources */,
				841A2D80203AD0B50050A996 /* WebBrowserToolbarController.swift in Sources */,
				C22599671F7BF301000E4C3A /* MasterBrowserViewController.swift in Sources */,
				6010ECC621F74E2900972E28 /* Theme.swift in Sources */,
				841022B9224781A20021516F /* LinkTagsViewController.swift in Sources */,
				60A82C5522562D3B008210D9 /* VideoFileViewCell.swift in Sources */,
				C707CC12203F0BAF002EA258 /* SearchSuggestionsViewController.swift in Sources */,
				8412FF3D1F72AF050011FDD7 /* UIConstants.swift in Sources */,
				841A2D7E203ACC220050A996 /* BlankWebPageViewController.swift in Sources */,
				60A82C532254E1F7008210D9 /* LinksRouter.swift in Sources */,
				60724EA921FF1BD80071BECF /* CounterView.swift in Sources */,
			);
			runOnlyForDeploymentPostprocessing = 0;
		};
/* End PBXSourcesBuildPhase section */

/* Begin PBXTargetDependency section */
		608DA750223A3BD5009F75BD /* PBXTargetDependency */ = {
			isa = PBXTargetDependency;
			target = 608DA749223A3BD4009F75BD /* JSPlugins */;
			targetProxy = 608DA74F223A3BD5009F75BD /* PBXContainerItemProxy */;
		};
		6094E722221FD2B9004269A2 /* PBXTargetDependency */ = {
			isa = PBXTargetDependency;
			target = 6094E71B221FD2B9004269A2 /* CoreBrowser */;
			targetProxy = 6094E721221FD2B9004269A2 /* PBXContainerItemProxy */;
		};
/* End PBXTargetDependency section */

/* Begin PBXVariantGroup section */
		8435A4A31EED5E700020102F /* LaunchScreen.storyboard */ = {
			isa = PBXVariantGroup;
			children = (
				8435A4A41EED5E700020102F /* Base */,
				C273711A1F7A345800900F03 /* ru */,
			);
			name = LaunchScreen.storyboard;
			sourceTree = "<group>";
		};
		C27371191F7A341900900F03 /* Localizable.strings */ = {
			isa = PBXVariantGroup;
			children = (
				C27371181F7A341900900F03 /* en */,
				C273711B1F7A345A00900F03 /* ru */,
			);
			name = Localizable.strings;
			sourceTree = "<group>";
		};
/* End PBXVariantGroup section */

/* Begin XCBuildConfiguration section */
		608DA753223A3BD5009F75BD /* Debug */ = {
			isa = XCBuildConfiguration;
			buildSettings = {
				CLANG_ENABLE_MODULES = YES;
				CLANG_ENABLE_OBJC_WEAK = YES;
				CODE_SIGN_IDENTITY = "";
				CODE_SIGN_STYLE = Automatic;
				CURRENT_PROJECT_VERSION = 1;
				DEFINES_MODULE = YES;
				DEVELOPMENT_TEAM = ERT5B59458;
				DYLIB_COMPATIBILITY_VERSION = 1;
				DYLIB_CURRENT_VERSION = 1;
				DYLIB_INSTALL_NAME_BASE = "@rpath";
				INFOPLIST_FILE = JSPlugins/Info.plist;
				INSTALL_PATH = "$(LOCAL_LIBRARY_DIR)/Frameworks";
				IPHONEOS_DEPLOYMENT_TARGET = 11.0;
				LD_RUNPATH_SEARCH_PATHS = "$(inherited) @executable_path/Frameworks @loader_path/Frameworks";
				MTL_ENABLE_DEBUG_INFO = INCLUDE_SOURCE;
				MTL_FAST_MATH = YES;
				PRODUCT_BUNDLE_IDENTIFIER = ae.JSPlugins;
				PRODUCT_NAME = "$(TARGET_NAME:c99extidentifier)";
				SKIP_INSTALL = YES;
				SWIFT_OPTIMIZATION_LEVEL = "-Onone";
				SWIFT_VERSION = 4.2;
				TARGETED_DEVICE_FAMILY = "1,2";
				VERSIONING_SYSTEM = "apple-generic";
				VERSION_INFO_PREFIX = "";
			};
			name = Debug;
		};
		608DA754223A3BD5009F75BD /* Release */ = {
			isa = XCBuildConfiguration;
			buildSettings = {
				CLANG_ENABLE_MODULES = YES;
				CLANG_ENABLE_OBJC_WEAK = YES;
				CODE_SIGN_IDENTITY = "";
				CODE_SIGN_STYLE = Automatic;
				CURRENT_PROJECT_VERSION = 1;
				DEFINES_MODULE = YES;
				DEVELOPMENT_TEAM = ERT5B59458;
				DYLIB_COMPATIBILITY_VERSION = 1;
				DYLIB_CURRENT_VERSION = 1;
				DYLIB_INSTALL_NAME_BASE = "@rpath";
				INFOPLIST_FILE = JSPlugins/Info.plist;
				INSTALL_PATH = "$(LOCAL_LIBRARY_DIR)/Frameworks";
				IPHONEOS_DEPLOYMENT_TARGET = 11.0;
				LD_RUNPATH_SEARCH_PATHS = "$(inherited) @executable_path/Frameworks @loader_path/Frameworks";
				MTL_FAST_MATH = YES;
				PRODUCT_BUNDLE_IDENTIFIER = ae.JSPlugins;
				PRODUCT_NAME = "$(TARGET_NAME:c99extidentifier)";
				SKIP_INSTALL = YES;
				SWIFT_VERSION = 4.2;
				TARGETED_DEVICE_FAMILY = "1,2";
				VERSIONING_SYSTEM = "apple-generic";
				VERSION_INFO_PREFIX = "";
			};
			name = Release;
		};
		6094E725221FD2B9004269A2 /* Debug */ = {
			isa = XCBuildConfiguration;
			baseConfigurationReference = 1734249475EC8FA1087C42A0 /* Pods-CoreBrowser.debug.xcconfig */;
			buildSettings = {
				CLANG_ENABLE_OBJC_WEAK = YES;
				CODE_SIGN_IDENTITY = "";
				CODE_SIGN_STYLE = Automatic;
				CURRENT_PROJECT_VERSION = 1;
				DEFINES_MODULE = YES;
				DEVELOPMENT_TEAM = ERT5B59458;
				DYLIB_COMPATIBILITY_VERSION = 1;
				DYLIB_CURRENT_VERSION = 1;
				DYLIB_INSTALL_NAME_BASE = "@rpath";
				INFOPLIST_FILE = CoreBrowser/Info.plist;
				INSTALL_PATH = "$(LOCAL_LIBRARY_DIR)/Frameworks";
				IPHONEOS_DEPLOYMENT_TARGET = 11.0;
				LD_RUNPATH_SEARCH_PATHS = "$(inherited) @executable_path/Frameworks @loader_path/Frameworks";
				MTL_ENABLE_DEBUG_INFO = INCLUDE_SOURCE;
				MTL_FAST_MATH = YES;
				PRODUCT_BUNDLE_IDENTIFIER = ae.CoreBrowser;
				PRODUCT_NAME = "$(TARGET_NAME:c99extidentifier)";
				SKIP_INSTALL = YES;
				SWIFT_VERSION = 4.2;
				TARGETED_DEVICE_FAMILY = "1,2";
				VERSIONING_SYSTEM = "apple-generic";
				VERSION_INFO_PREFIX = "";
			};
			name = Debug;
		};
		6094E726221FD2B9004269A2 /* Release */ = {
			isa = XCBuildConfiguration;
			baseConfigurationReference = 25A1D5F1221A945E907F61C1 /* Pods-CoreBrowser.release.xcconfig */;
			buildSettings = {
				CLANG_ENABLE_OBJC_WEAK = YES;
				CODE_SIGN_IDENTITY = "";
				CODE_SIGN_STYLE = Automatic;
				CURRENT_PROJECT_VERSION = 1;
				DEFINES_MODULE = YES;
				DEVELOPMENT_TEAM = ERT5B59458;
				DYLIB_COMPATIBILITY_VERSION = 1;
				DYLIB_CURRENT_VERSION = 1;
				DYLIB_INSTALL_NAME_BASE = "@rpath";
				INFOPLIST_FILE = CoreBrowser/Info.plist;
				INSTALL_PATH = "$(LOCAL_LIBRARY_DIR)/Frameworks";
				IPHONEOS_DEPLOYMENT_TARGET = 11.0;
				LD_RUNPATH_SEARCH_PATHS = "$(inherited) @executable_path/Frameworks @loader_path/Frameworks";
				MTL_FAST_MATH = YES;
				PRODUCT_BUNDLE_IDENTIFIER = ae.CoreBrowser;
				PRODUCT_NAME = "$(TARGET_NAME:c99extidentifier)";
				SKIP_INSTALL = YES;
				SWIFT_VERSION = 4.2;
				TARGETED_DEVICE_FAMILY = "1,2";
				VERSIONING_SYSTEM = "apple-generic";
				VERSION_INFO_PREFIX = "";
			};
			name = Release;
		};
		8435A4A71EED5E700020102F /* Debug */ = {
			isa = XCBuildConfiguration;
			buildSettings = {
				ALWAYS_SEARCH_USER_PATHS = NO;
				CLANG_ANALYZER_LOCALIZABILITY_NONLOCALIZED = YES;
				CLANG_ANALYZER_NONNULL = YES;
				CLANG_ANALYZER_NUMBER_OBJECT_CONVERSION = YES_AGGRESSIVE;
				CLANG_CXX_LANGUAGE_STANDARD = "gnu++14";
				CLANG_CXX_LIBRARY = "libc++";
				CLANG_ENABLE_MODULES = YES;
				CLANG_ENABLE_OBJC_ARC = YES;
				CLANG_WARN_BLOCK_CAPTURE_AUTORELEASING = YES;
				CLANG_WARN_BOOL_CONVERSION = YES;
				CLANG_WARN_COMMA = YES;
				CLANG_WARN_CONSTANT_CONVERSION = YES;
				CLANG_WARN_DEPRECATED_OBJC_IMPLEMENTATIONS = YES;
				CLANG_WARN_DIRECT_OBJC_ISA_USAGE = YES_ERROR;
				CLANG_WARN_DOCUMENTATION_COMMENTS = YES;
				CLANG_WARN_EMPTY_BODY = YES;
				CLANG_WARN_ENUM_CONVERSION = YES;
				CLANG_WARN_INFINITE_RECURSION = YES;
				CLANG_WARN_INT_CONVERSION = YES;
				CLANG_WARN_NON_LITERAL_NULL_CONVERSION = YES;
				CLANG_WARN_OBJC_IMPLICIT_RETAIN_SELF = YES;
				CLANG_WARN_OBJC_LITERAL_CONVERSION = YES;
				CLANG_WARN_OBJC_ROOT_CLASS = YES_ERROR;
				CLANG_WARN_RANGE_LOOP_ANALYSIS = YES;
				CLANG_WARN_STRICT_PROTOTYPES = YES;
				CLANG_WARN_SUSPICIOUS_MOVE = YES;
				CLANG_WARN_UNGUARDED_AVAILABILITY = YES_AGGRESSIVE;
				CLANG_WARN_UNREACHABLE_CODE = YES;
				CLANG_WARN__DUPLICATE_METHOD_MATCH = YES;
				CODE_SIGN_IDENTITY = "iPhone Developer";
				COPY_PHASE_STRIP = NO;
				DEBUG_INFORMATION_FORMAT = dwarf;
				ENABLE_STRICT_OBJC_MSGSEND = YES;
				ENABLE_TESTABILITY = YES;
				GCC_C_LANGUAGE_STANDARD = gnu11;
				GCC_DYNAMIC_NO_PIC = NO;
				GCC_NO_COMMON_BLOCKS = YES;
				GCC_OPTIMIZATION_LEVEL = 0;
				GCC_PREPROCESSOR_DEFINITIONS = (
					"DEBUG=1",
					"$(inherited)",
				);
				GCC_WARN_64_TO_32_BIT_CONVERSION = YES;
				GCC_WARN_ABOUT_RETURN_TYPE = YES_ERROR;
				GCC_WARN_UNDECLARED_SELECTOR = YES;
				GCC_WARN_UNINITIALIZED_AUTOS = YES_AGGRESSIVE;
				GCC_WARN_UNUSED_FUNCTION = YES;
				GCC_WARN_UNUSED_VARIABLE = YES;
				IPHONEOS_DEPLOYMENT_TARGET = 11.0;
				MTL_ENABLE_DEBUG_INFO = YES;
				ONLY_ACTIVE_ARCH = YES;
				SDKROOT = iphoneos;
				SWIFT_ACTIVE_COMPILATION_CONDITIONS = DEBUG;
				SWIFT_OPTIMIZATION_LEVEL = "-Onone";
			};
			name = Debug;
		};
		8435A4A81EED5E700020102F /* Release */ = {
			isa = XCBuildConfiguration;
			buildSettings = {
				ALWAYS_SEARCH_USER_PATHS = NO;
				CLANG_ANALYZER_LOCALIZABILITY_NONLOCALIZED = YES;
				CLANG_ANALYZER_NONNULL = YES;
				CLANG_ANALYZER_NUMBER_OBJECT_CONVERSION = YES_AGGRESSIVE;
				CLANG_CXX_LANGUAGE_STANDARD = "gnu++14";
				CLANG_CXX_LIBRARY = "libc++";
				CLANG_ENABLE_MODULES = YES;
				CLANG_ENABLE_OBJC_ARC = YES;
				CLANG_WARN_BLOCK_CAPTURE_AUTORELEASING = YES;
				CLANG_WARN_BOOL_CONVERSION = YES;
				CLANG_WARN_COMMA = YES;
				CLANG_WARN_CONSTANT_CONVERSION = YES;
				CLANG_WARN_DEPRECATED_OBJC_IMPLEMENTATIONS = YES;
				CLANG_WARN_DIRECT_OBJC_ISA_USAGE = YES_ERROR;
				CLANG_WARN_DOCUMENTATION_COMMENTS = YES;
				CLANG_WARN_EMPTY_BODY = YES;
				CLANG_WARN_ENUM_CONVERSION = YES;
				CLANG_WARN_INFINITE_RECURSION = YES;
				CLANG_WARN_INT_CONVERSION = YES;
				CLANG_WARN_NON_LITERAL_NULL_CONVERSION = YES;
				CLANG_WARN_OBJC_IMPLICIT_RETAIN_SELF = YES;
				CLANG_WARN_OBJC_LITERAL_CONVERSION = YES;
				CLANG_WARN_OBJC_ROOT_CLASS = YES_ERROR;
				CLANG_WARN_RANGE_LOOP_ANALYSIS = YES;
				CLANG_WARN_STRICT_PROTOTYPES = YES;
				CLANG_WARN_SUSPICIOUS_MOVE = YES;
				CLANG_WARN_UNGUARDED_AVAILABILITY = YES_AGGRESSIVE;
				CLANG_WARN_UNREACHABLE_CODE = YES;
				CLANG_WARN__DUPLICATE_METHOD_MATCH = YES;
				CODE_SIGN_IDENTITY = "iPhone Developer";
				COPY_PHASE_STRIP = NO;
				DEBUG_INFORMATION_FORMAT = "dwarf-with-dsym";
				ENABLE_NS_ASSERTIONS = NO;
				ENABLE_STRICT_OBJC_MSGSEND = YES;
				GCC_C_LANGUAGE_STANDARD = gnu11;
				GCC_NO_COMMON_BLOCKS = YES;
				GCC_WARN_64_TO_32_BIT_CONVERSION = YES;
				GCC_WARN_ABOUT_RETURN_TYPE = YES_ERROR;
				GCC_WARN_UNDECLARED_SELECTOR = YES;
				GCC_WARN_UNINITIALIZED_AUTOS = YES_AGGRESSIVE;
				GCC_WARN_UNUSED_FUNCTION = YES;
				GCC_WARN_UNUSED_VARIABLE = YES;
				IPHONEOS_DEPLOYMENT_TARGET = 11.0;
				MTL_ENABLE_DEBUG_INFO = NO;
				SDKROOT = iphoneos;
				SWIFT_OPTIMIZATION_LEVEL = "-Owholemodule";
				VALIDATE_PRODUCT = YES;
			};
			name = Release;
		};
		8435A4AA1EED5E700020102F /* Debug */ = {
			isa = XCBuildConfiguration;
			baseConfigurationReference = C91526EEB8C937969BDA1E7B /* Pods-catowser.debug.xcconfig */;
			buildSettings = {
				ALWAYS_EMBED_SWIFT_STANDARD_LIBRARIES = "$(inherited)";
				ASSETCATALOG_COMPILER_APPICON_NAME = AppIcon;
				CODE_SIGN_IDENTITY = "iPhone Developer";
				CODE_SIGN_STYLE = Manual;
				DEVELOPMENT_TEAM = ERT5B59458;
				INFOPLIST_FILE = catowser/Info.plist;
				IPHONEOS_DEPLOYMENT_TARGET = 11.0;
				LD_RUNPATH_SEARCH_PATHS = "$(inherited) @executable_path/Frameworks";
				PRODUCT_BUNDLE_IDENTIFIER = "com.ae.cotton-browser";
				PRODUCT_NAME = "$(TARGET_NAME)";
				PROVISIONING_PROFILE_SPECIFIER = "Cotton browser develop";
				SWIFT_VERSION = 4.2;
				TARGETED_DEVICE_FAMILY = "1,2";
			};
			name = Debug;
		};
		8435A4AB1EED5E700020102F /* Release */ = {
			isa = XCBuildConfiguration;
			baseConfigurationReference = 2E7159D4401F487B0F97CD59 /* Pods-catowser.release.xcconfig */;
			buildSettings = {
				ALWAYS_EMBED_SWIFT_STANDARD_LIBRARIES = "$(inherited)";
				ASSETCATALOG_COMPILER_APPICON_NAME = AppIcon;
				CODE_SIGN_IDENTITY = "iPhone Developer";
				CODE_SIGN_STYLE = Manual;
				DEVELOPMENT_TEAM = "";
				INFOPLIST_FILE = catowser/Info.plist;
				IPHONEOS_DEPLOYMENT_TARGET = 11.0;
				LD_RUNPATH_SEARCH_PATHS = "$(inherited) @executable_path/Frameworks";
				PRODUCT_BUNDLE_IDENTIFIER = "com.ae.cotton-browser";
				PRODUCT_NAME = "$(TARGET_NAME)";
				PROVISIONING_PROFILE_SPECIFIER = "";
				SWIFT_VERSION = 4.2;
				TARGETED_DEVICE_FAMILY = "1,2";
			};
			name = Release;
		};
/* End XCBuildConfiguration section */

/* Begin XCConfigurationList section */
		608DA755223A3BD5009F75BD /* Build configuration list for PBXNativeTarget "JSPlugins" */ = {
			isa = XCConfigurationList;
			buildConfigurations = (
				608DA753223A3BD5009F75BD /* Debug */,
				608DA754223A3BD5009F75BD /* Release */,
			);
			defaultConfigurationIsVisible = 0;
			defaultConfigurationName = Release;
		};
		6094E727221FD2B9004269A2 /* Build configuration list for PBXNativeTarget "CoreBrowser" */ = {
			isa = XCConfigurationList;
			buildConfigurations = (
				6094E725221FD2B9004269A2 /* Debug */,
				6094E726221FD2B9004269A2 /* Release */,
			);
			defaultConfigurationIsVisible = 0;
			defaultConfigurationName = Release;
		};
		8435A4921EED5E700020102F /* Build configuration list for PBXProject "catowser" */ = {
			isa = XCConfigurationList;
			buildConfigurations = (
				8435A4A71EED5E700020102F /* Debug */,
				8435A4A81EED5E700020102F /* Release */,
			);
			defaultConfigurationIsVisible = 0;
			defaultConfigurationName = Release;
		};
		8435A4A91EED5E700020102F /* Build configuration list for PBXNativeTarget "catowser" */ = {
			isa = XCConfigurationList;
			buildConfigurations = (
				8435A4AA1EED5E700020102F /* Debug */,
				8435A4AB1EED5E700020102F /* Release */,
			);
			defaultConfigurationIsVisible = 0;
			defaultConfigurationName = Release;
		};
/* End XCConfigurationList section */
	};
	rootObject = 8435A48F1EED5E700020102F /* Project object */;
}
