// !$*UTF8*$!
{
	archiveVersion = 1;
	classes = {
	};
	objectVersion = 48;
	objects = {

/* Begin PBXBuildFile section */
		14458A1BE6CA408309DBB93F /* Pods_catowser.framework in Frameworks */ = {isa = PBXBuildFile; fileRef = A910B05602B21CB19029F7B9 /* Pods_catowser.framework */; };
		8412FF3D1F72AF050011FDD7 /* UIConstants.swift in Sources */ = {isa = PBXBuildFile; fileRef = 8412FF3C1F72AF050011FDD7 /* UIConstants.swift */; };
		841A2D7E203ACC220050A996 /* BlankWebPageViewController.swift in Sources */ = {isa = PBXBuildFile; fileRef = 841A2D7D203ACC220050A996 /* BlankWebPageViewController.swift */; };
		841A2D80203AD0B50050A996 /* WebBrowserTabBarController.swift in Sources */ = {isa = PBXBuildFile; fileRef = 841A2D7F203AD0B50050A996 /* WebBrowserTabBarController.swift */; };
		841A2D82203AD5500050A996 /* TabletSearchBarViewController.swift in Sources */ = {isa = PBXBuildFile; fileRef = 841A2D81203AD5500050A996 /* TabletSearchBarViewController.swift */; };
		841A2D84203AD5690050A996 /* SmartphoneSearchBarViewController.swift in Sources */ = {isa = PBXBuildFile; fileRef = 841A2D83203AD5690050A996 /* SmartphoneSearchBarViewController.swift */; };
		841A2D86203B1FA50050A996 /* SearchBarBaseViewController.swift in Sources */ = {isa = PBXBuildFile; fileRef = 841A2D85203B1FA50050A996 /* SearchBarBaseViewController.swift */; };
		8435A49B1EED5E700020102F /* AppDelegate.swift in Sources */ = {isa = PBXBuildFile; fileRef = 8435A49A1EED5E700020102F /* AppDelegate.swift */; };
		8435A49D1EED5E700020102F /* BaseViewController.swift in Sources */ = {isa = PBXBuildFile; fileRef = 8435A49C1EED5E700020102F /* BaseViewController.swift */; };
		8435A4A21EED5E700020102F /* Assets.xcassets in Resources */ = {isa = PBXBuildFile; fileRef = 8435A4A11EED5E700020102F /* Assets.xcassets */; };
		8435A4A51EED5E700020102F /* LaunchScreen.storyboard in Resources */ = {isa = PBXBuildFile; fileRef = 8435A4A31EED5E700020102F /* LaunchScreen.storyboard */; };
		84458EAF1EF70783007DA030 /* TabsViewModel.swift in Sources */ = {isa = PBXBuildFile; fileRef = 84458EAE1EF70783007DA030 /* TabsViewModel.swift */; };
		846220AF1EEE9B6C00B84C73 /* TabModel.swift in Sources */ = {isa = PBXBuildFile; fileRef = 846220AE1EEE9B6C00B84C73 /* TabModel.swift */; };
		84704FC21EEE769800F89F6B /* TabView.swift in Sources */ = {isa = PBXBuildFile; fileRef = 84704FC11EEE769800F89F6B /* TabView.swift */; };
		84704FC41EEE785500F89F6B /* TabViewModel.swift in Sources */ = {isa = PBXBuildFile; fileRef = 84704FC31EEE785500F89F6B /* TabViewModel.swift */; };
		847D7C8D1EF6C8AC00291B87 /* TabsViewController.swift in Sources */ = {isa = PBXBuildFile; fileRef = 847D7C881EF6C30F00291B87 /* TabsViewController.swift */; };
		C22599631F7BEF6D000E4C3A /* WebSiteViewController.swift in Sources */ = {isa = PBXBuildFile; fileRef = C22599621F7BEF6D000E4C3A /* WebSiteViewController.swift */; };
		C22599651F7BF19B000E4C3A /* BrowserViewModel.swift in Sources */ = {isa = PBXBuildFile; fileRef = C22599641F7BF19B000E4C3A /* BrowserViewModel.swift */; };
		C22599671F7BF301000E4C3A /* MasterBrowserViewController.swift in Sources */ = {isa = PBXBuildFile; fileRef = C22599661F7BF301000E4C3A /* MasterBrowserViewController.swift */; };
		C2341B671F8CF726004780A9 /* WebsiteSearchResultsController.swift in Sources */ = {isa = PBXBuildFile; fileRef = C2341B661F8CF726004780A9 /* WebsiteSearchResultsController.swift */; };
		C27371171F7A341900900F03 /* Localizable.strings in Resources */ = {isa = PBXBuildFile; fileRef = C27371191F7A341900900F03 /* Localizable.strings */; };
		C2E0D9CC1F7CE5B90068E2F1 /* MasterBrowserViewModel.swift in Sources */ = {isa = PBXBuildFile; fileRef = C2E0D9CB1F7CE5B90068E2F1 /* MasterBrowserViewModel.swift */; };
		C70724CA201E60880021CF5D /* UIBezierPath+CatowserExtensions.swift in Sources */ = {isa = PBXBuildFile; fileRef = C70724C9201E60880021CF5D /* UIBezierPath+CatowserExtensions.swift */; };
/* End PBXBuildFile section */

/* Begin PBXFileReference section */
		2E7159D4401F487B0F97CD59 /* Pods-catowser.release.xcconfig */ = {isa = PBXFileReference; includeInIndex = 1; lastKnownFileType = text.xcconfig; name = "Pods-catowser.release.xcconfig"; path = "Pods/Target Support Files/Pods-catowser/Pods-catowser.release.xcconfig"; sourceTree = "<group>"; };
		8412FF3C1F72AF050011FDD7 /* UIConstants.swift */ = {isa = PBXFileReference; lastKnownFileType = sourcecode.swift; name = UIConstants.swift; path = Common/UIConstants.swift; sourceTree = "<group>"; };
		841A2D7D203ACC220050A996 /* BlankWebPageViewController.swift */ = {isa = PBXFileReference; lastKnownFileType = sourcecode.swift; path = BlankWebPageViewController.swift; sourceTree = "<group>"; };
		841A2D7F203AD0B50050A996 /* WebBrowserTabBarController.swift */ = {isa = PBXFileReference; lastKnownFileType = sourcecode.swift; path = WebBrowserTabBarController.swift; sourceTree = "<group>"; };
		841A2D81203AD5500050A996 /* TabletSearchBarViewController.swift */ = {isa = PBXFileReference; lastKnownFileType = sourcecode.swift; path = TabletSearchBarViewController.swift; sourceTree = "<group>"; };
		841A2D83203AD5690050A996 /* SmartphoneSearchBarViewController.swift */ = {isa = PBXFileReference; lastKnownFileType = sourcecode.swift; path = SmartphoneSearchBarViewController.swift; sourceTree = "<group>"; };
		841A2D85203B1FA50050A996 /* SearchBarBaseViewController.swift */ = {isa = PBXFileReference; lastKnownFileType = sourcecode.swift; path = SearchBarBaseViewController.swift; sourceTree = "<group>"; };
		8435A4971EED5E700020102F /* catowser.app */ = {isa = PBXFileReference; explicitFileType = wrapper.application; includeInIndex = 0; path = catowser.app; sourceTree = BUILT_PRODUCTS_DIR; };
		8435A49A1EED5E700020102F /* AppDelegate.swift */ = {isa = PBXFileReference; lastKnownFileType = sourcecode.swift; path = AppDelegate.swift; sourceTree = "<group>"; };
		8435A49C1EED5E700020102F /* BaseViewController.swift */ = {isa = PBXFileReference; lastKnownFileType = sourcecode.swift; path = BaseViewController.swift; sourceTree = "<group>"; };
		8435A4A11EED5E700020102F /* Assets.xcassets */ = {isa = PBXFileReference; lastKnownFileType = folder.assetcatalog; path = Assets.xcassets; sourceTree = "<group>"; };
		8435A4A41EED5E700020102F /* Base */ = {isa = PBXFileReference; lastKnownFileType = file.storyboard; name = Base; path = Base.lproj/LaunchScreen.storyboard; sourceTree = "<group>"; };
		8435A4A61EED5E700020102F /* Info.plist */ = {isa = PBXFileReference; lastKnownFileType = text.plist.xml; path = Info.plist; sourceTree = "<group>"; };
		84458EAE1EF70783007DA030 /* TabsViewModel.swift */ = {isa = PBXFileReference; lastKnownFileType = sourcecode.swift; path = TabsViewModel.swift; sourceTree = "<group>"; };
		846220AE1EEE9B6C00B84C73 /* TabModel.swift */ = {isa = PBXFileReference; lastKnownFileType = sourcecode.swift; path = TabModel.swift; sourceTree = "<group>"; };
		84704FC11EEE769800F89F6B /* TabView.swift */ = {isa = PBXFileReference; lastKnownFileType = sourcecode.swift; path = TabView.swift; sourceTree = "<group>"; };
		84704FC31EEE785500F89F6B /* TabViewModel.swift */ = {isa = PBXFileReference; lastKnownFileType = sourcecode.swift; path = TabViewModel.swift; sourceTree = "<group>"; };
		847D7C881EF6C30F00291B87 /* TabsViewController.swift */ = {isa = PBXFileReference; lastKnownFileType = sourcecode.swift; path = TabsViewController.swift; sourceTree = "<group>"; };
		A910B05602B21CB19029F7B9 /* Pods_catowser.framework */ = {isa = PBXFileReference; explicitFileType = wrapper.framework; includeInIndex = 0; path = Pods_catowser.framework; sourceTree = BUILT_PRODUCTS_DIR; };
		C22599621F7BEF6D000E4C3A /* WebSiteViewController.swift */ = {isa = PBXFileReference; lastKnownFileType = sourcecode.swift; path = WebSiteViewController.swift; sourceTree = "<group>"; };
		C22599641F7BF19B000E4C3A /* BrowserViewModel.swift */ = {isa = PBXFileReference; lastKnownFileType = sourcecode.swift; path = BrowserViewModel.swift; sourceTree = "<group>"; };
		C22599661F7BF301000E4C3A /* MasterBrowserViewController.swift */ = {isa = PBXFileReference; lastKnownFileType = sourcecode.swift; path = MasterBrowserViewController.swift; sourceTree = "<group>"; };
		C2341B661F8CF726004780A9 /* WebsiteSearchResultsController.swift */ = {isa = PBXFileReference; lastKnownFileType = sourcecode.swift; path = WebsiteSearchResultsController.swift; sourceTree = "<group>"; };
		C27371181F7A341900900F03 /* en */ = {isa = PBXFileReference; lastKnownFileType = text.plist.strings; name = en; path = en.lproj/Localizable.strings; sourceTree = "<group>"; };
		C273711A1F7A345800900F03 /* ru */ = {isa = PBXFileReference; lastKnownFileType = text.plist.strings; name = ru; path = ru.lproj/LaunchScreen.strings; sourceTree = "<group>"; };
		C273711B1F7A345A00900F03 /* ru */ = {isa = PBXFileReference; lastKnownFileType = text.plist.strings; name = ru; path = ru.lproj/Localizable.strings; sourceTree = "<group>"; };
		C2E0D9CB1F7CE5B90068E2F1 /* MasterBrowserViewModel.swift */ = {isa = PBXFileReference; lastKnownFileType = sourcecode.swift; path = MasterBrowserViewModel.swift; sourceTree = "<group>"; };
		C70724C9201E60880021CF5D /* UIBezierPath+CatowserExtensions.swift */ = {isa = PBXFileReference; lastKnownFileType = sourcecode.swift; path = "UIBezierPath+CatowserExtensions.swift"; sourceTree = "<group>"; };
		C91526EEB8C937969BDA1E7B /* Pods-catowser.debug.xcconfig */ = {isa = PBXFileReference; includeInIndex = 1; lastKnownFileType = text.xcconfig; name = "Pods-catowser.debug.xcconfig"; path = "Pods/Target Support Files/Pods-catowser/Pods-catowser.debug.xcconfig"; sourceTree = "<group>"; };
/* End PBXFileReference section */

/* Begin PBXFrameworksBuildPhase section */
		8435A4941EED5E700020102F /* Frameworks */ = {
			isa = PBXFrameworksBuildPhase;
			buildActionMask = 2147483647;
			files = (
				14458A1BE6CA408309DBB93F /* Pods_catowser.framework in Frameworks */,
			);
			runOnlyForDeploymentPostprocessing = 0;
		};
/* End PBXFrameworksBuildPhase section */

/* Begin PBXGroup section */
		5906B47E95A37FC0872DBD1A /* Frameworks */ = {
			isa = PBXGroup;
			children = (
				A910B05602B21CB19029F7B9 /* Pods_catowser.framework */,
			);
			name = Frameworks;
			sourceTree = "<group>";
		};
		841A2D79203ACB420050A996 /* Search */ = {
			isa = PBXGroup;
			children = (
				C2341B661F8CF726004780A9 /* WebsiteSearchResultsController.swift */,
				841A2D81203AD5500050A996 /* TabletSearchBarViewController.swift */,
				841A2D83203AD5690050A996 /* SmartphoneSearchBarViewController.swift */,
				841A2D85203B1FA50050A996 /* SearchBarBaseViewController.swift */,
			);
			path = Search;
			sourceTree = "<group>";
		};
		841A2D7A203ACB970050A996 /* WebTabs */ = {
			isa = PBXGroup;
			children = (
				847D7C881EF6C30F00291B87 /* TabsViewController.swift */,
				84458EAE1EF70783007DA030 /* TabsViewModel.swift */,
			);
			path = WebTabs;
			sourceTree = "<group>";
		};
		841A2D7B203ACBBA0050A996 /* WebSite */ = {
			isa = PBXGroup;
			children = (
				C22599621F7BEF6D000E4C3A /* WebSiteViewController.swift */,
				C22599641F7BF19B000E4C3A /* BrowserViewModel.swift */,
				841A2D7D203ACC220050A996 /* BlankWebPageViewController.swift */,
			);
			path = WebSite;
			sourceTree = "<group>";
		};
		841A2D7C203ACBDB0050A996 /* WebBrowserTabBar */ = {
			isa = PBXGroup;
			children = (
				841A2D7F203AD0B50050A996 /* WebBrowserTabBarController.swift */,
			);
			path = WebBrowserTabBar;
			sourceTree = "<group>";
		};
		8435A48E1EED5E700020102F = {
			isa = PBXGroup;
			children = (
				8435A4991EED5E700020102F /* catowser */,
				8435A4981EED5E700020102F /* Products */,
				E35CED317EE4DF68ED3EDD9C /* Pods */,
				5906B47E95A37FC0872DBD1A /* Frameworks */,
			);
			sourceTree = "<group>";
		};
		8435A4981EED5E700020102F /* Products */ = {
			isa = PBXGroup;
			children = (
				8435A4971EED5E700020102F /* catowser.app */,
			);
			name = Products;
			sourceTree = "<group>";
		};
		8435A4991EED5E700020102F /* catowser */ = {
			isa = PBXGroup;
			children = (
				841A2D7C203ACBDB0050A996 /* WebBrowserTabBar */,
				841A2D7B203ACBBA0050A996 /* WebSite */,
				841A2D7A203ACB970050A996 /* WebTabs */,
				841A2D79203ACB420050A996 /* Search */,
				C70724C8201E603E0021CF5D /* Extensions */,
				847D7C871EF6C30F00291B87 /* Browser */,
				84E64DCC1EED9FD500F21F95 /* Tabs */,
				8435A49A1EED5E700020102F /* AppDelegate.swift */,
				8435A49C1EED5E700020102F /* BaseViewController.swift */,
				8435A4A11EED5E700020102F /* Assets.xcassets */,
				8435A4A31EED5E700020102F /* LaunchScreen.storyboard */,
				8435A4A61EED5E700020102F /* Info.plist */,
				8412FF3C1F72AF050011FDD7 /* UIConstants.swift */,
				C27371191F7A341900900F03 /* Localizable.strings */,
			);
			path = catowser;
			sourceTree = "<group>";
		};
		847D7C871EF6C30F00291B87 /* Browser */ = {
			isa = PBXGroup;
			children = (
				C22599661F7BF301000E4C3A /* MasterBrowserViewController.swift */,
				C2E0D9CB1F7CE5B90068E2F1 /* MasterBrowserViewModel.swift */,
			);
			path = Browser;
			sourceTree = "<group>";
		};
		84E64DCC1EED9FD500F21F95 /* Tabs */ = {
			isa = PBXGroup;
			children = (
				84704FC11EEE769800F89F6B /* TabView.swift */,
				84704FC31EEE785500F89F6B /* TabViewModel.swift */,
				846220AE1EEE9B6C00B84C73 /* TabModel.swift */,
			);
			path = Tabs;
			sourceTree = "<group>";
		};
		C70724C8201E603E0021CF5D /* Extensions */ = {
			isa = PBXGroup;
			children = (
				C70724C9201E60880021CF5D /* UIBezierPath+CatowserExtensions.swift */,
			);
			path = Extensions;
			sourceTree = "<group>";
		};
		E35CED317EE4DF68ED3EDD9C /* Pods */ = {
			isa = PBXGroup;
			children = (
				C91526EEB8C937969BDA1E7B /* Pods-catowser.debug.xcconfig */,
				2E7159D4401F487B0F97CD59 /* Pods-catowser.release.xcconfig */,
			);
			name = Pods;
			sourceTree = "<group>";
		};
/* End PBXGroup section */

/* Begin PBXNativeTarget section */
		8435A4961EED5E700020102F /* catowser */ = {
			isa = PBXNativeTarget;
			buildConfigurationList = 8435A4A91EED5E700020102F /* Build configuration list for PBXNativeTarget "catowser" */;
			buildPhases = (
				903C417858128E7774D9CABE /* [CP] Check Pods Manifest.lock */,
				8435A4931EED5E700020102F /* Sources */,
				8435A4941EED5E700020102F /* Frameworks */,
				8435A4951EED5E700020102F /* Resources */,
				D801B8366CD82AB0D8FBBEF1 /* [CP] Embed Pods Frameworks */,
				CB0A5CA74B08547C773A307D /* [CP] Copy Pods Resources */,
			);
			buildRules = (
			);
			dependencies = (
			);
			name = catowser;
			productName = catowser;
			productReference = 8435A4971EED5E700020102F /* catowser.app */;
			productType = "com.apple.product-type.application";
		};
/* End PBXNativeTarget section */

/* Begin PBXProject section */
		8435A48F1EED5E700020102F /* Project object */ = {
			isa = PBXProject;
			attributes = {
				LastSwiftUpdateCheck = 0900;
				LastUpgradeCheck = 0900;
				ORGANIZATIONNAME = andreiermoshin;
				TargetAttributes = {
					8435A4961EED5E700020102F = {
						CreatedOnToolsVersion = 9.0;
					};
				};
			};
			buildConfigurationList = 8435A4921EED5E700020102F /* Build configuration list for PBXProject "catowser" */;
			compatibilityVersion = "Xcode 8.0";
			developmentRegion = en;
			hasScannedForEncodings = 0;
			knownRegions = (
				en,
				Base,
				ru,
			);
			mainGroup = 8435A48E1EED5E700020102F;
			productRefGroup = 8435A4981EED5E700020102F /* Products */;
			projectDirPath = "";
			projectRoot = "";
			targets = (
				8435A4961EED5E700020102F /* catowser */,
			);
		};
/* End PBXProject section */

/* Begin PBXResourcesBuildPhase section */
		8435A4951EED5E700020102F /* Resources */ = {
			isa = PBXResourcesBuildPhase;
			buildActionMask = 2147483647;
			files = (
				8435A4A51EED5E700020102F /* LaunchScreen.storyboard in Resources */,
				C27371171F7A341900900F03 /* Localizable.strings in Resources */,
				8435A4A21EED5E700020102F /* Assets.xcassets in Resources */,
			);
			runOnlyForDeploymentPostprocessing = 0;
		};
/* End PBXResourcesBuildPhase section */

/* Begin PBXShellScriptBuildPhase section */
		903C417858128E7774D9CABE /* [CP] Check Pods Manifest.lock */ = {
			isa = PBXShellScriptBuildPhase;
			buildActionMask = 2147483647;
			files = (
			);
			inputPaths = (
				"${PODS_PODFILE_DIR_PATH}/Podfile.lock",
				"${PODS_ROOT}/Manifest.lock",
			);
			name = "[CP] Check Pods Manifest.lock";
			outputPaths = (
				"$(DERIVED_FILE_DIR)/Pods-catowser-checkManifestLockResult.txt",
			);
			runOnlyForDeploymentPostprocessing = 0;
			shellPath = /bin/sh;
			shellScript = "diff \"${PODS_PODFILE_DIR_PATH}/Podfile.lock\" \"${PODS_ROOT}/Manifest.lock\" > /dev/null\nif [ $? != 0 ] ; then\n    # print error to STDERR\n    echo \"error: The sandbox is not in sync with the Podfile.lock. Run 'pod install' or update your CocoaPods installation.\" >&2\n    exit 1\nfi\n# This output is used by Xcode 'outputs' to avoid re-running this script phase.\necho \"SUCCESS\" > \"${SCRIPT_OUTPUT_FILE_0}\"\n";
			showEnvVarsInLog = 0;
		};
		CB0A5CA74B08547C773A307D /* [CP] Copy Pods Resources */ = {
			isa = PBXShellScriptBuildPhase;
			buildActionMask = 2147483647;
			files = (
			);
			inputPaths = (
			);
			name = "[CP] Copy Pods Resources";
			outputPaths = (
			);
			runOnlyForDeploymentPostprocessing = 0;
			shellPath = /bin/sh;
			shellScript = "\"${SRCROOT}/Pods/Target Support Files/Pods-catowser/Pods-catowser-resources.sh\"\n";
			showEnvVarsInLog = 0;
		};
		D801B8366CD82AB0D8FBBEF1 /* [CP] Embed Pods Frameworks */ = {
			isa = PBXShellScriptBuildPhase;
			buildActionMask = 2147483647;
			files = (
			);
			inputPaths = (
				"${SRCROOT}/Pods/Target Support Files/Pods-catowser/Pods-catowser-frameworks.sh",
				"${BUILT_PRODUCTS_DIR}/SnapKit/SnapKit.framework",
			);
			name = "[CP] Embed Pods Frameworks";
			outputPaths = (
				"${TARGET_BUILD_DIR}/${FRAMEWORKS_FOLDER_PATH}/SnapKit.framework",
			);
			runOnlyForDeploymentPostprocessing = 0;
			shellPath = /bin/sh;
			shellScript = "\"${SRCROOT}/Pods/Target Support Files/Pods-catowser/Pods-catowser-frameworks.sh\"\n";
			showEnvVarsInLog = 0;
		};
/* End PBXShellScriptBuildPhase section */

/* Begin PBXSourcesBuildPhase section */
		8435A4931EED5E700020102F /* Sources */ = {
			isa = PBXSourcesBuildPhase;
			buildActionMask = 2147483647;
			files = (
				8435A49D1EED5E700020102F /* BaseViewController.swift in Sources */,
				C22599651F7BF19B000E4C3A /* BrowserViewModel.swift in Sources */,
				C22599631F7BEF6D000E4C3A /* WebSiteViewController.swift in Sources */,
				841A2D82203AD5500050A996 /* TabletSearchBarViewController.swift in Sources */,
				841A2D86203B1FA50050A996 /* SearchBarBaseViewController.swift in Sources */,
				847D7C8D1EF6C8AC00291B87 /* TabsViewController.swift in Sources */,
				84704FC21EEE769800F89F6B /* TabView.swift in Sources */,
				846220AF1EEE9B6C00B84C73 /* TabModel.swift in Sources */,
				8435A49B1EED5E700020102F /* AppDelegate.swift in Sources */,
				C2E0D9CC1F7CE5B90068E2F1 /* MasterBrowserViewModel.swift in Sources */,
				C2341B671F8CF726004780A9 /* WebsiteSearchResultsController.swift in Sources */,
				84704FC41EEE785500F89F6B /* TabViewModel.swift in Sources */,
				841A2D84203AD5690050A996 /* SmartphoneSearchBarViewController.swift in Sources */,
				841A2D80203AD0B50050A996 /* WebBrowserTabBarController.swift in Sources */,
				C22599671F7BF301000E4C3A /* MasterBrowserViewController.swift in Sources */,
				84458EAF1EF70783007DA030 /* TabsViewModel.swift in Sources */,
				8412FF3D1F72AF050011FDD7 /* UIConstants.swift in Sources */,
				841A2D7E203ACC220050A996 /* BlankWebPageViewController.swift in Sources */,
				C70724CA201E60880021CF5D /* UIBezierPath+CatowserExtensions.swift in Sources */,
			);
			runOnlyForDeploymentPostprocessing = 0;
		};
/* End PBXSourcesBuildPhase section */

/* Begin PBXVariantGroup section */
		8435A4A31EED5E700020102F /* LaunchScreen.storyboard */ = {
			isa = PBXVariantGroup;
			children = (
				8435A4A41EED5E700020102F /* Base */,
				C273711A1F7A345800900F03 /* ru */,
			);
			name = LaunchScreen.storyboard;
			sourceTree = "<group>";
		};
		C27371191F7A341900900F03 /* Localizable.strings */ = {
			isa = PBXVariantGroup;
			children = (
				C27371181F7A341900900F03 /* en */,
				C273711B1F7A345A00900F03 /* ru */,
			);
			name = Localizable.strings;
			sourceTree = "<group>";
		};
/* End PBXVariantGroup section */

/* Begin XCBuildConfiguration section */
		8435A4A71EED5E700020102F /* Debug */ = {
			isa = XCBuildConfiguration;
			buildSettings = {
				ALWAYS_SEARCH_USER_PATHS = NO;
				CLANG_ANALYZER_LOCALIZABILITY_NONLOCALIZED = YES;
				CLANG_ANALYZER_NONNULL = YES;
				CLANG_ANALYZER_NUMBER_OBJECT_CONVERSION = YES_AGGRESSIVE;
				CLANG_CXX_LANGUAGE_STANDARD = "gnu++14";
				CLANG_CXX_LIBRARY = "libc++";
				CLANG_ENABLE_MODULES = YES;
				CLANG_ENABLE_OBJC_ARC = YES;
				CLANG_WARN_BLOCK_CAPTURE_AUTORELEASING = YES;
				CLANG_WARN_BOOL_CONVERSION = YES;
				CLANG_WARN_COMMA = YES;
				CLANG_WARN_CONSTANT_CONVERSION = YES;
				CLANG_WARN_DIRECT_OBJC_ISA_USAGE = YES_ERROR;
				CLANG_WARN_DOCUMENTATION_COMMENTS = YES;
				CLANG_WARN_EMPTY_BODY = YES;
				CLANG_WARN_ENUM_CONVERSION = YES;
				CLANG_WARN_INFINITE_RECURSION = YES;
				CLANG_WARN_INT_CONVERSION = YES;
				CLANG_WARN_OBJC_ROOT_CLASS = YES_ERROR;
				CLANG_WARN_RANGE_LOOP_ANALYSIS = YES;
				CLANG_WARN_STRICT_PROTOTYPES = YES;
				CLANG_WARN_SUSPICIOUS_MOVE = YES;
				CLANG_WARN_UNGUARDED_AVAILABILITY = YES_AGGRESSIVE;
				CLANG_WARN_UNREACHABLE_CODE = YES;
				CLANG_WARN__DUPLICATE_METHOD_MATCH = YES;
				CODE_SIGN_IDENTITY = "iPhone Developer";
				COPY_PHASE_STRIP = NO;
				DEBUG_INFORMATION_FORMAT = dwarf;
				ENABLE_STRICT_OBJC_MSGSEND = YES;
				ENABLE_TESTABILITY = YES;
				GCC_C_LANGUAGE_STANDARD = gnu11;
				GCC_DYNAMIC_NO_PIC = NO;
				GCC_NO_COMMON_BLOCKS = YES;
				GCC_OPTIMIZATION_LEVEL = 0;
				GCC_PREPROCESSOR_DEFINITIONS = (
					"DEBUG=1",
					"$(inherited)",
				);
				GCC_WARN_64_TO_32_BIT_CONVERSION = YES;
				GCC_WARN_ABOUT_RETURN_TYPE = YES_ERROR;
				GCC_WARN_UNDECLARED_SELECTOR = YES;
				GCC_WARN_UNINITIALIZED_AUTOS = YES_AGGRESSIVE;
				GCC_WARN_UNUSED_FUNCTION = YES;
				GCC_WARN_UNUSED_VARIABLE = YES;
				IPHONEOS_DEPLOYMENT_TARGET = 11.0;
				MTL_ENABLE_DEBUG_INFO = YES;
				ONLY_ACTIVE_ARCH = YES;
				SDKROOT = iphoneos;
				SWIFT_ACTIVE_COMPILATION_CONDITIONS = DEBUG;
				SWIFT_OPTIMIZATION_LEVEL = "-Onone";
			};
			name = Debug;
		};
		8435A4A81EED5E700020102F /* Release */ = {
			isa = XCBuildConfiguration;
			buildSettings = {
				ALWAYS_SEARCH_USER_PATHS = NO;
				CLANG_ANALYZER_LOCALIZABILITY_NONLOCALIZED = YES;
				CLANG_ANALYZER_NONNULL = YES;
				CLANG_ANALYZER_NUMBER_OBJECT_CONVERSION = YES_AGGRESSIVE;
				CLANG_CXX_LANGUAGE_STANDARD = "gnu++14";
				CLANG_CXX_LIBRARY = "libc++";
				CLANG_ENABLE_MODULES = YES;
				CLANG_ENABLE_OBJC_ARC = YES;
				CLANG_WARN_BLOCK_CAPTURE_AUTORELEASING = YES;
				CLANG_WARN_BOOL_CONVERSION = YES;
				CLANG_WARN_COMMA = YES;
				CLANG_WARN_CONSTANT_CONVERSION = YES;
				CLANG_WARN_DIRECT_OBJC_ISA_USAGE = YES_ERROR;
				CLANG_WARN_DOCUMENTATION_COMMENTS = YES;
				CLANG_WARN_EMPTY_BODY = YES;
				CLANG_WARN_ENUM_CONVERSION = YES;
				CLANG_WARN_INFINITE_RECURSION = YES;
				CLANG_WARN_INT_CONVERSION = YES;
				CLANG_WARN_OBJC_ROOT_CLASS = YES_ERROR;
				CLANG_WARN_RANGE_LOOP_ANALYSIS = YES;
				CLANG_WARN_STRICT_PROTOTYPES = YES;
				CLANG_WARN_SUSPICIOUS_MOVE = YES;
				CLANG_WARN_UNGUARDED_AVAILABILITY = YES_AGGRESSIVE;
				CLANG_WARN_UNREACHABLE_CODE = YES;
				CLANG_WARN__DUPLICATE_METHOD_MATCH = YES;
				CODE_SIGN_IDENTITY = "iPhone Developer";
				COPY_PHASE_STRIP = NO;
				DEBUG_INFORMATION_FORMAT = "dwarf-with-dsym";
				ENABLE_NS_ASSERTIONS = NO;
				ENABLE_STRICT_OBJC_MSGSEND = YES;
				GCC_C_LANGUAGE_STANDARD = gnu11;
				GCC_NO_COMMON_BLOCKS = YES;
				GCC_WARN_64_TO_32_BIT_CONVERSION = YES;
				GCC_WARN_ABOUT_RETURN_TYPE = YES_ERROR;
				GCC_WARN_UNDECLARED_SELECTOR = YES;
				GCC_WARN_UNINITIALIZED_AUTOS = YES_AGGRESSIVE;
				GCC_WARN_UNUSED_FUNCTION = YES;
				GCC_WARN_UNUSED_VARIABLE = YES;
				IPHONEOS_DEPLOYMENT_TARGET = 11.0;
				MTL_ENABLE_DEBUG_INFO = NO;
				SDKROOT = iphoneos;
				SWIFT_OPTIMIZATION_LEVEL = "-Owholemodule";
				VALIDATE_PRODUCT = YES;
			};
			name = Release;
		};
		8435A4AA1EED5E700020102F /* Debug */ = {
			isa = XCBuildConfiguration;
			baseConfigurationReference = C91526EEB8C937969BDA1E7B /* Pods-catowser.debug.xcconfig */;
			buildSettings = {
				ASSETCATALOG_COMPILER_APPICON_NAME = AppIcon;
				DEVELOPMENT_TEAM = ERT5B59458;
				INFOPLIST_FILE = catowser/Info.plist;
				LD_RUNPATH_SEARCH_PATHS = "$(inherited) @executable_path/Frameworks";
				PRODUCT_BUNDLE_IDENTIFIER = com.kyzmitch.catowser;
				PRODUCT_NAME = "$(TARGET_NAME)";
				SWIFT_VERSION = 4.0;
				TARGETED_DEVICE_FAMILY = "1,2";
			};
			name = Debug;
		};
		8435A4AB1EED5E700020102F /* Release */ = {
			isa = XCBuildConfiguration;
			baseConfigurationReference = 2E7159D4401F487B0F97CD59 /* Pods-catowser.release.xcconfig */;
			buildSettings = {
				ASSETCATALOG_COMPILER_APPICON_NAME = AppIcon;
				DEVELOPMENT_TEAM = ERT5B59458;
				INFOPLIST_FILE = catowser/Info.plist;
				LD_RUNPATH_SEARCH_PATHS = "$(inherited) @executable_path/Frameworks";
				PRODUCT_BUNDLE_IDENTIFIER = com.kyzmitch.catowser;
				PRODUCT_NAME = "$(TARGET_NAME)";
				SWIFT_VERSION = 4.0;
				TARGETED_DEVICE_FAMILY = "1,2";
			};
			name = Release;
		};
/* End XCBuildConfiguration section */

/* Begin XCConfigurationList section */
		8435A4921EED5E700020102F /* Build configuration list for PBXProject "catowser" */ = {
			isa = XCConfigurationList;
			buildConfigurations = (
				8435A4A71EED5E700020102F /* Debug */,
				8435A4A81EED5E700020102F /* Release */,
			);
			defaultConfigurationIsVisible = 0;
			defaultConfigurationName = Release;
		};
		8435A4A91EED5E700020102F /* Build configuration list for PBXNativeTarget "catowser" */ = {
			isa = XCConfigurationList;
			buildConfigurations = (
				8435A4AA1EED5E700020102F /* Debug */,
				8435A4AB1EED5E700020102F /* Release */,
			);
			defaultConfigurationIsVisible = 0;
			defaultConfigurationName = Release;
		};
/* End XCConfigurationList section */
	};
	rootObject = 8435A48F1EED5E700020102F /* Project object */;
}
