{
  "pins" : [
    {
      "identity" : "alamofire",
      "kind" : "remoteSourceControl",
      "location" : "https://github.com/Alamofire/Alamofire.git",
      "state" : {
        "revision" : "64dd16a5f2099dd5400f5e6d1442dc5ab0c1d917",
        "version" : "5.2.0"
      }
    },
    {
      "identity" : "alamofireimage",
      "kind" : "remoteSourceControl",
      "location" : "https://github.com/Alamofire/AlamofireImage.git",
      "state" : {
        "revision" : "3e8edbeb75227f8542aa87f90240cf0424d6362f",
        "version" : "4.1.0"
      }
    }
  ],
  "version" : 2
}
