{
  "originHash" : "53f04e823e8f748b9d2d586ad16a772ec1ab7183d8dfa072a4082079ee7e5d8f",
  "pins" : [
    {
      "identity" : "alamofire",
      "kind" : "remoteSourceControl",
      "location" : "https://github.com/Alamofire/Alamofire.git",
      "state" : {
        "revision" : "f455c2975872ccd2d9c81594c658af65716e9b9a",
        "version" : "5.9.1"
      }
    },
    {
      "identity" : "mockable",
      "kind" : "remoteSourceControl",
      "location" : "https://github.com/Kolos65/Mockable",
      "state" : {
        "revision" : "0b239389c5fa6666fb30dc97fbb23fc3ca851a85",
        "version" : "0.6.4"
      }
    },
    {
      "identity" : "reactiveswift",
      "kind" : "remoteSourceControl",
      "location" : "https://github.com/ReactiveCocoa/ReactiveSwift",
      "state" : {
        "revision" : "efb2f0a6f6c8739cce8fb14148a5bd3c83f2f91d",
        "version" : "7.0.0"
      }
    },
    {
      "identity" : "swift-syntax",
      "kind" : "remoteSourceControl",
      "location" : "https://github.com/swiftlang/swift-syntax.git",
      "state" : {
        "revision" : "79e4b74a295b6eb74a8b585e3a39d29e70c1dbd1",
        "version" : "603.0.2"
      }
    },
    {
      "identity" : "swiftsoup",
      "kind" : "remoteSourceControl",
      "location" : "https://github.com/scinfu/SwiftSoup.git",
      "state" : {
        "revision" : "6778575285177365cbad3e5b8a72f2a20583cfec",
        "version" : "2.4.3"
      }
    },
    {
      "identity" : "swxmlhash",
      "kind" : "remoteSourceControl",
      "location" : "https://github.com/drmohundro/SWXMLHash",
      "state" : {
        "revision" : "4d0f62f561458cbe1f732171e625f03195151b60",
        "version" : "7.0.1"
      }
    },
    {
      "identity" : "xctest-dynamic-overlay",
      "kind" : "remoteSourceControl",
      "location" : "https://github.com/pointfreeco/xctest-dynamic-overlay",
      "state" : {
        "revision" : "dfd70507def84cb5fb821278448a262c6ff2bbad",
        "version" : "1.9.0"
      }
    }
  ],
  "version" : 3
}
